// !$*UTF8*$!
{
	archiveVersion = 1;
	classes = {
	};
	objectVersion = 46;
	objects = {

/* Begin PBXBuildFile section */
		00C302E51ABCBA2D00DB3ED1 /* libRCTActionSheet.a in Frameworks */ = {isa = PBXBuildFile; fileRef = 00C302AC1ABCB8CE00DB3ED1 /* libRCTActionSheet.a */; };
		00C302E71ABCBA2D00DB3ED1 /* libRCTGeolocation.a in Frameworks */ = {isa = PBXBuildFile; fileRef = 00C302BA1ABCB90400DB3ED1 /* libRCTGeolocation.a */; };
		00C302E81ABCBA2D00DB3ED1 /* libRCTImage.a in Frameworks */ = {isa = PBXBuildFile; fileRef = 00C302C01ABCB91800DB3ED1 /* libRCTImage.a */; };
		00C302E91ABCBA2D00DB3ED1 /* libRCTNetwork.a in Frameworks */ = {isa = PBXBuildFile; fileRef = 00C302DC1ABCB9D200DB3ED1 /* libRCTNetwork.a */; };
		00C302EA1ABCBA2D00DB3ED1 /* libRCTVibration.a in Frameworks */ = {isa = PBXBuildFile; fileRef = 00C302E41ABCB9EE00DB3ED1 /* libRCTVibration.a */; };
		00E356F31AD99517003FC87E /* iHouseTests.m in Sources */ = {isa = PBXBuildFile; fileRef = 00E356F21AD99517003FC87E /* iHouseTests.m */; };
		0D45182AD48B4414B3CC89FE /* Rubik-LightItalic.ttf in Resources */ = {isa = PBXBuildFile; fileRef = C1C38F2172204AC59A7EFC7B /* Rubik-LightItalic.ttf */; };
		0E014F8BE6114EEA81F2D00A /* Rubik-Bold.ttf in Resources */ = {isa = PBXBuildFile; fileRef = DAA232456BDC4CC89064C2F0 /* Rubik-Bold.ttf */; };
		133E29F31AD74F7200F7D852 /* libRCTLinking.a in Frameworks */ = {isa = PBXBuildFile; fileRef = 78C398B91ACF4ADC00677621 /* libRCTLinking.a */; };
		139105C61AF99C1200B5F7CC /* libRCTSettings.a in Frameworks */ = {isa = PBXBuildFile; fileRef = 139105C11AF99BAD00B5F7CC /* libRCTSettings.a */; };
		139FDEF61B0652A700C62182 /* libRCTWebSocket.a in Frameworks */ = {isa = PBXBuildFile; fileRef = 139FDEF41B06529B00C62182 /* libRCTWebSocket.a */; };
		13B07FBC1A68108700A75B9A /* AppDelegate.m in Sources */ = {isa = PBXBuildFile; fileRef = 13B07FB01A68108700A75B9A /* AppDelegate.m */; };
		13B07FBD1A68108700A75B9A /* LaunchScreen.xib in Resources */ = {isa = PBXBuildFile; fileRef = 13B07FB11A68108700A75B9A /* LaunchScreen.xib */; };
		13B07FBF1A68108700A75B9A /* Images.xcassets in Resources */ = {isa = PBXBuildFile; fileRef = 13B07FB51A68108700A75B9A /* Images.xcassets */; };
		13B07FC11A68108700A75B9A /* main.m in Sources */ = {isa = PBXBuildFile; fileRef = 13B07FB71A68108700A75B9A /* main.m */; };
		140ED2AC1D01E1AD002B40FF /* libReact.a in Frameworks */ = {isa = PBXBuildFile; fileRef = 146834041AC3E56700842450 /* libReact.a */; };
		146834051AC3E58100842450 /* libReact.a in Frameworks */ = {isa = PBXBuildFile; fileRef = 146834041AC3E56700842450 /* libReact.a */; };
		1DFED841054047BFBF73249C /* Rubik-Italic.ttf in Resources */ = {isa = PBXBuildFile; fileRef = FE221E7998BC4D97AA18C1F8 /* Rubik-Italic.ttf */; };
		3804627F830F4025B277CA4F /* Rubik-Black.ttf in Resources */ = {isa = PBXBuildFile; fileRef = 674E505C2C0E4C00B24F1BAB /* Rubik-Black.ttf */; };
		4685CD9BF2EF418FA02B1679 /* Rubik-Medium.ttf in Resources */ = {isa = PBXBuildFile; fileRef = 70983D84783E4AC6B02696E3 /* Rubik-Medium.ttf */; };
		49EFA97A1DFAAAF4001F9704 /* LICENSE in Resources */ = {isa = PBXBuildFile; fileRef = 49EFA9781DFAAAF4001F9704 /* LICENSE */; };
		49EFA97B1DFAAAF4001F9704 /* RNMobileCenter.framework in Frameworks */ = {isa = PBXBuildFile; fileRef = 49EFA9791DFAAAF4001F9704 /* RNMobileCenter.framework */; };
		49EFAA4A1DFAAB55001F9704 /* CHANGELOG.md in Sources */ = {isa = PBXBuildFile; fileRef = 49EFA9FF1DFAAB55001F9704 /* CHANGELOG.md */; };
		49EFAA4B1DFAAB55001F9704 /* MSMobileCenter.html in Resources */ = {isa = PBXBuildFile; fileRef = 49EFAA031DFAAB55001F9704 /* MSMobileCenter.html */; };
		49EFAA4C1DFAAB55001F9704 /* Classes.html in Resources */ = {isa = PBXBuildFile; fileRef = 49EFAA041DFAAB55001F9704 /* Classes.html */; };
		49EFAA4D1DFAAB55001F9704 /* highlight.css in Resources */ = {isa = PBXBuildFile; fileRef = 49EFAA061DFAAB55001F9704 /* highlight.css */; };
		49EFAA4E1DFAAB55001F9704 /* jazzy.css in Resources */ = {isa = PBXBuildFile; fileRef = 49EFAA071DFAAB55001F9704 /* jazzy.css */; };
		49EFAA4F1DFAAB55001F9704 /* MobileCenter.docset in Resources */ = {isa = PBXBuildFile; fileRef = 49EFAA091DFAAB55001F9704 /* MobileCenter.docset */; };
		49EFAA501DFAAB55001F9704 /* MobileCenter.tgz in Resources */ = {isa = PBXBuildFile; fileRef = 49EFAA0A1DFAAB55001F9704 /* MobileCenter.tgz */; };
		49EFAA511DFAAB55001F9704 /* MobileCenter.xml in Resources */ = {isa = PBXBuildFile; fileRef = 49EFAA0B1DFAAB55001F9704 /* MobileCenter.xml */; };
		49EFAA521DFAAB55001F9704 /* MSLogLevel.html in Resources */ = {isa = PBXBuildFile; fileRef = 49EFAA0D1DFAAB55001F9704 /* MSLogLevel.html */; };
		49EFAA531DFAAB55001F9704 /* Enums.html in Resources */ = {isa = PBXBuildFile; fileRef = 49EFAA0E1DFAAB55001F9704 /* Enums.html */; };
		49EFAA541DFAAB55001F9704 /* carat.png in Resources */ = {isa = PBXBuildFile; fileRef = 49EFAA101DFAAB55001F9704 /* carat.png */; };
		49EFAA551DFAAB55001F9704 /* dash.png in Resources */ = {isa = PBXBuildFile; fileRef = 49EFAA111DFAAB55001F9704 /* dash.png */; };
		49EFAA561DFAAB55001F9704 /* gh.png in Resources */ = {isa = PBXBuildFile; fileRef = 49EFAA121DFAAB55001F9704 /* gh.png */; };
		49EFAA571DFAAB55001F9704 /* index.html in Resources */ = {isa = PBXBuildFile; fileRef = 49EFAA131DFAAB55001F9704 /* index.html */; };
		49EFAA581DFAAB55001F9704 /* jazzy.js in Resources */ = {isa = PBXBuildFile; fileRef = 49EFAA151DFAAB55001F9704 /* jazzy.js */; };
		49EFAA591DFAAB55001F9704 /* jquery.min.js in Resources */ = {isa = PBXBuildFile; fileRef = 49EFAA161DFAAB55001F9704 /* jquery.min.js */; };
		49EFAA5A1DFAAB55001F9704 /* MSService.html in Resources */ = {isa = PBXBuildFile; fileRef = 49EFAA181DFAAB55001F9704 /* MSService.html */; };
		49EFAA5B1DFAAB55001F9704 /* Protocols.html in Resources */ = {isa = PBXBuildFile; fileRef = 49EFAA191DFAAB55001F9704 /* Protocols.html */; };
		49EFAA5C1DFAAB55001F9704 /* undocumented.json in Resources */ = {isa = PBXBuildFile; fileRef = 49EFAA1A1DFAAB55001F9704 /* undocumented.json */; };
		49EFAA5D1DFAAB55001F9704 /* MSAnalytics.html in Resources */ = {isa = PBXBuildFile; fileRef = 49EFAA1D1DFAAB55001F9704 /* MSAnalytics.html */; };
		49EFAA5E1DFAAB55001F9704 /* Classes.html in Resources */ = {isa = PBXBuildFile; fileRef = 49EFAA1E1DFAAB55001F9704 /* Classes.html */; };
		49EFAA5F1DFAAB55001F9704 /* highlight.css in Resources */ = {isa = PBXBuildFile; fileRef = 49EFAA201DFAAB55001F9704 /* highlight.css */; };
		49EFAA601DFAAB55001F9704 /* jazzy.css in Resources */ = {isa = PBXBuildFile; fileRef = 49EFAA211DFAAB55001F9704 /* jazzy.css */; };
		49EFAA611DFAAB55001F9704 /* MobileCenterAnalytics.docset in Resources */ = {isa = PBXBuildFile; fileRef = 49EFAA231DFAAB55001F9704 /* MobileCenterAnalytics.docset */; };
		49EFAA621DFAAB55001F9704 /* MobileCenterAnalytics.tgz in Resources */ = {isa = PBXBuildFile; fileRef = 49EFAA241DFAAB55001F9704 /* MobileCenterAnalytics.tgz */; };
		49EFAA631DFAAB55001F9704 /* MobileCenterAnalytics.xml in Resources */ = {isa = PBXBuildFile; fileRef = 49EFAA251DFAAB55001F9704 /* MobileCenterAnalytics.xml */; };
		49EFAA641DFAAB55001F9704 /* carat.png in Resources */ = {isa = PBXBuildFile; fileRef = 49EFAA271DFAAB55001F9704 /* carat.png */; };
		49EFAA651DFAAB55001F9704 /* dash.png in Resources */ = {isa = PBXBuildFile; fileRef = 49EFAA281DFAAB55001F9704 /* dash.png */; };
		49EFAA661DFAAB55001F9704 /* gh.png in Resources */ = {isa = PBXBuildFile; fileRef = 49EFAA291DFAAB55001F9704 /* gh.png */; };
		49EFAA671DFAAB55001F9704 /* index.html in Resources */ = {isa = PBXBuildFile; fileRef = 49EFAA2A1DFAAB55001F9704 /* index.html */; };
		49EFAA681DFAAB55001F9704 /* jazzy.js in Resources */ = {isa = PBXBuildFile; fileRef = 49EFAA2C1DFAAB55001F9704 /* jazzy.js */; };
		49EFAA691DFAAB55001F9704 /* jquery.min.js in Resources */ = {isa = PBXBuildFile; fileRef = 49EFAA2D1DFAAB55001F9704 /* jquery.min.js */; };
		49EFAA6A1DFAAB55001F9704 /* undocumented.json in Resources */ = {isa = PBXBuildFile; fileRef = 49EFAA2E1DFAAB55001F9704 /* undocumented.json */; };
		49EFAA6B1DFAAB55001F9704 /* highlight.css in Resources */ = {isa = PBXBuildFile; fileRef = 49EFAA311DFAAB55001F9704 /* highlight.css */; };
		49EFAA6C1DFAAB55001F9704 /* jazzy.css in Resources */ = {isa = PBXBuildFile; fileRef = 49EFAA321DFAAB55001F9704 /* jazzy.css */; };
		49EFAA6D1DFAAB55001F9704 /* Crashes.docset in Resources */ = {isa = PBXBuildFile; fileRef = 49EFAA341DFAAB55001F9704 /* Crashes.docset */; };
		49EFAA6E1DFAAB55001F9704 /* Crashes.tgz in Resources */ = {isa = PBXBuildFile; fileRef = 49EFAA351DFAAB55001F9704 /* Crashes.tgz */; };
		49EFAA6F1DFAAB55001F9704 /* Crashes.xml in Resources */ = {isa = PBXBuildFile; fileRef = 49EFAA361DFAAB55001F9704 /* Crashes.xml */; };
		49EFAA701DFAAB55001F9704 /* MSErrorLogSetting.html in Resources */ = {isa = PBXBuildFile; fileRef = 49EFAA381DFAAB55001F9704 /* MSErrorLogSetting.html */; };
		49EFAA711DFAAB55001F9704 /* MSUserConfirmation.html in Resources */ = {isa = PBXBuildFile; fileRef = 49EFAA391DFAAB55001F9704 /* MSUserConfirmation.html */; };
		49EFAA721DFAAB55001F9704 /* Enums.html in Resources */ = {isa = PBXBuildFile; fileRef = 49EFAA3A1DFAAB55001F9704 /* Enums.html */; };
		49EFAA731DFAAB55001F9704 /* carat.png in Resources */ = {isa = PBXBuildFile; fileRef = 49EFAA3C1DFAAB55001F9704 /* carat.png */; };
		49EFAA741DFAAB55001F9704 /* dash.png in Resources */ = {isa = PBXBuildFile; fileRef = 49EFAA3D1DFAAB55001F9704 /* dash.png */; };
		49EFAA751DFAAB55001F9704 /* gh.png in Resources */ = {isa = PBXBuildFile; fileRef = 49EFAA3E1DFAAB55001F9704 /* gh.png */; };
		49EFAA761DFAAB55001F9704 /* index.html in Resources */ = {isa = PBXBuildFile; fileRef = 49EFAA3F1DFAAB55001F9704 /* index.html */; };
		49EFAA771DFAAB55001F9704 /* jazzy.js in Resources */ = {isa = PBXBuildFile; fileRef = 49EFAA411DFAAB55001F9704 /* jazzy.js */; };
		49EFAA781DFAAB55001F9704 /* jquery.min.js in Resources */ = {isa = PBXBuildFile; fileRef = 49EFAA421DFAAB55001F9704 /* jquery.min.js */; };
		49EFAA791DFAAB55001F9704 /* Type Definitions.html in Resources */ = {isa = PBXBuildFile; fileRef = 49EFAA431DFAAB55001F9704 /* Type Definitions.html */; };
		49EFAA7A1DFAAB55001F9704 /* undocumented.json in Resources */ = {isa = PBXBuildFile; fileRef = 49EFAA441DFAAB55001F9704 /* undocumented.json */; };
		49EFAA7B1DFAAB55001F9704 /* LICENSE in Resources */ = {isa = PBXBuildFile; fileRef = 49EFAA451DFAAB55001F9704 /* LICENSE */; };
		49EFAA7C1DFAAB55001F9704 /* MobileCenter.framework in Frameworks */ = {isa = PBXBuildFile; fileRef = 49EFAA461DFAAB55001F9704 /* MobileCenter.framework */; };
		49EFAA7D1DFAAB55001F9704 /* MobileCenterAnalytics.framework in Frameworks */ = {isa = PBXBuildFile; fileRef = 49EFAA471DFAAB55001F9704 /* MobileCenterAnalytics.framework */; };
		49EFAA7E1DFAAB55001F9704 /* MobileCenterCrashes.framework in Frameworks */ = {isa = PBXBuildFile; fileRef = 49EFAA481DFAAB55001F9704 /* MobileCenterCrashes.framework */; };
		49EFAA7F1DFAAB55001F9704 /* README.md in Sources */ = {isa = PBXBuildFile; fileRef = 49EFAA491DFAAB55001F9704 /* README.md */; };
		5E9157361DD0AC6A00FF2AA8 /* libRCTAnimation.a in Frameworks */ = {isa = PBXBuildFile; fileRef = 5E9157331DD0AC6500FF2AA8 /* libRCTAnimation.a */; };
		60E2B95905264782ACAEC548 /* libRNAnalytics.a in Frameworks */ = {isa = PBXBuildFile; fileRef = 22491D8060D24113986D601E /* libRNAnalytics.a */; };
		61CE84C0AFBC4BA6BB05FBFD /* Rubik-Regular.ttf in Resources */ = {isa = PBXBuildFile; fileRef = 47827B8EA2BD46E2942D529F /* Rubik-Regular.ttf */; };
		7A5D10335C294521A50CF9BE /* OFL.txt in Resources */ = {isa = PBXBuildFile; fileRef = 9C72B3A7612D458388A4182D /* OFL.txt */; };
		832341BD1AAA6AB300B99B32 /* libRCTText.a in Frameworks */ = {isa = PBXBuildFile; fileRef = 832341B51AAA6A8300B99B32 /* libRCTText.a */; };
		A6D02D02693E49A98B85905E /* Rubik-MediumItalic.ttf in Resources */ = {isa = PBXBuildFile; fileRef = BEC649120F174824A9164F55 /* Rubik-MediumItalic.ttf */; };
		A7F1B26D3D9940159CDCDBEA /* Rubik-Light.ttf in Resources */ = {isa = PBXBuildFile; fileRef = 69FC9AC49F264524AE3F4603 /* Rubik-Light.ttf */; };
		AA153B11E1504B2CB1FBADCC /* MobileCenter-Config.plist in Resources */ = {isa = PBXBuildFile; fileRef = A79A7A3789F944C1A840A000 /* MobileCenter-Config.plist */; };
		BAB43A7B7E8443C7A7418896 /* rubicon-icon-font.ttf in Resources */ = {isa = PBXBuildFile; fileRef = 9488A1182E974874895127CD /* rubicon-icon-font.ttf */; };
		CEC16ABEC253462A8849C8B5 /* Rubik-BoldItalic.ttf in Resources */ = {isa = PBXBuildFile; fileRef = DCADC35A31224A47B26FB516 /* Rubik-BoldItalic.ttf */; };
		EB566B6EF8154A4C9B09E9CD /* Rubik-BlackItalic.ttf in Resources */ = {isa = PBXBuildFile; fileRef = E2C0784FB86043C180BA23AA /* Rubik-BlackItalic.ttf */; };
/* End PBXBuildFile section */

/* Begin PBXContainerItemProxy section */
		00C302AB1ABCB8CE00DB3ED1 /* PBXContainerItemProxy */ = {
			isa = PBXContainerItemProxy;
			containerPortal = 00C302A71ABCB8CE00DB3ED1 /* RCTActionSheet.xcodeproj */;
			proxyType = 2;
			remoteGlobalIDString = 134814201AA4EA6300B7C361;
			remoteInfo = RCTActionSheet;
		};
		00C302B91ABCB90400DB3ED1 /* PBXContainerItemProxy */ = {
			isa = PBXContainerItemProxy;
			containerPortal = 00C302B51ABCB90400DB3ED1 /* RCTGeolocation.xcodeproj */;
			proxyType = 2;
			remoteGlobalIDString = 134814201AA4EA6300B7C361;
			remoteInfo = RCTGeolocation;
		};
		00C302BF1ABCB91800DB3ED1 /* PBXContainerItemProxy */ = {
			isa = PBXContainerItemProxy;
			containerPortal = 00C302BB1ABCB91800DB3ED1 /* RCTImage.xcodeproj */;
			proxyType = 2;
			remoteGlobalIDString = 58B5115D1A9E6B3D00147676;
			remoteInfo = RCTImage;
		};
		00C302DB1ABCB9D200DB3ED1 /* PBXContainerItemProxy */ = {
			isa = PBXContainerItemProxy;
			containerPortal = 00C302D31ABCB9D200DB3ED1 /* RCTNetwork.xcodeproj */;
			proxyType = 2;
			remoteGlobalIDString = 58B511DB1A9E6C8500147676;
			remoteInfo = RCTNetwork;
		};
		00C302E31ABCB9EE00DB3ED1 /* PBXContainerItemProxy */ = {
			isa = PBXContainerItemProxy;
			containerPortal = 00C302DF1ABCB9EE00DB3ED1 /* RCTVibration.xcodeproj */;
			proxyType = 2;
			remoteGlobalIDString = 832C81801AAF6DEF007FA2F7;
			remoteInfo = RCTVibration;
		};
		00E356F41AD99517003FC87E /* PBXContainerItemProxy */ = {
			isa = PBXContainerItemProxy;
			containerPortal = 83CBB9F71A601CBA00E9B192 /* Project object */;
			proxyType = 1;
			remoteGlobalIDString = 13B07F861A680F5B00A75B9A;
			remoteInfo = iHouse;
		};
		139105C01AF99BAD00B5F7CC /* PBXContainerItemProxy */ = {
			isa = PBXContainerItemProxy;
			containerPortal = 139105B61AF99BAD00B5F7CC /* RCTSettings.xcodeproj */;
			proxyType = 2;
			remoteGlobalIDString = 134814201AA4EA6300B7C361;
			remoteInfo = RCTSettings;
		};
		139FDEF31B06529B00C62182 /* PBXContainerItemProxy */ = {
			isa = PBXContainerItemProxy;
			containerPortal = 139FDEE61B06529A00C62182 /* RCTWebSocket.xcodeproj */;
			proxyType = 2;
			remoteGlobalIDString = 3C86DF461ADF2C930047B81A;
			remoteInfo = RCTWebSocket;
		};
		146834031AC3E56700842450 /* PBXContainerItemProxy */ = {
			isa = PBXContainerItemProxy;
			containerPortal = 146833FF1AC3E56700842450 /* React.xcodeproj */;
			proxyType = 2;
			remoteGlobalIDString = 83CBBA2E1A601D0E00E9B192;
			remoteInfo = React;
		};
		49ABF5D91DF3620F0088E973 /* PBXContainerItemProxy */ = {
			isa = PBXContainerItemProxy;
			containerPortal = 00C302BB1ABCB91800DB3ED1 /* RCTImage.xcodeproj */;
			proxyType = 2;
			remoteGlobalIDString = 2D2A283A1D9B042B00D4039D;
			remoteInfo = "RCTImage-tvOS";
		};
		49ABF5DD1DF3620F0088E973 /* PBXContainerItemProxy */ = {
			isa = PBXContainerItemProxy;
			containerPortal = 78C398B01ACF4ADC00677621 /* RCTLinking.xcodeproj */;
			proxyType = 2;
			remoteGlobalIDString = 2D2A28471D9B043800D4039D;
			remoteInfo = "RCTLinking-tvOS";
		};
		49ABF5E11DF3620F0088E973 /* PBXContainerItemProxy */ = {
			isa = PBXContainerItemProxy;
			containerPortal = 00C302D31ABCB9D200DB3ED1 /* RCTNetwork.xcodeproj */;
			proxyType = 2;
			remoteGlobalIDString = 2D2A28541D9B044C00D4039D;
			remoteInfo = "RCTNetwork-tvOS";
		};
		49ABF5E51DF3620F0088E973 /* PBXContainerItemProxy */ = {
			isa = PBXContainerItemProxy;
			containerPortal = 139105B61AF99BAD00B5F7CC /* RCTSettings.xcodeproj */;
			proxyType = 2;
			remoteGlobalIDString = 2D2A28611D9B046600D4039D;
			remoteInfo = "RCTSettings-tvOS";
		};
		49ABF5E91DF3620F0088E973 /* PBXContainerItemProxy */ = {
			isa = PBXContainerItemProxy;
			containerPortal = 832341B01AAA6A8300B99B32 /* RCTText.xcodeproj */;
			proxyType = 2;
			remoteGlobalIDString = 2D2A287B1D9B048500D4039D;
			remoteInfo = "RCTText-tvOS";
		};
		49ABF5EE1DF3620F0088E973 /* PBXContainerItemProxy */ = {
			isa = PBXContainerItemProxy;
			containerPortal = 139FDEE61B06529A00C62182 /* RCTWebSocket.xcodeproj */;
			proxyType = 2;
			remoteGlobalIDString = 2D2A28881D9B049200D4039D;
			remoteInfo = "RCTWebSocket-tvOS";
		};
		49ABF5F21DF3620F0088E973 /* PBXContainerItemProxy */ = {
			isa = PBXContainerItemProxy;
			containerPortal = 146833FF1AC3E56700842450 /* React.xcodeproj */;
			proxyType = 2;
			remoteGlobalIDString = 2D2A28131D9B038B00D4039D;
			remoteInfo = "React-tvOS";
		};
		49EFA9751DFAAA19001F9704 /* PBXContainerItemProxy */ = {
			isa = PBXContainerItemProxy;
			containerPortal = 7C633EDBAEA24164937C30EE /* RNAnalytics.xcodeproj */;
			proxyType = 2;
			remoteGlobalIDString = 548694001D8384E600E6685A;
			remoteInfo = RNAnalytics;
		};
		5E9157321DD0AC6500FF2AA8 /* PBXContainerItemProxy */ = {
			isa = PBXContainerItemProxy;
			containerPortal = 5E91572D1DD0AC6500FF2AA8 /* RCTAnimation.xcodeproj */;
			proxyType = 2;
			remoteGlobalIDString = 134814201AA4EA6300B7C361;
			remoteInfo = RCTAnimation;
		};
		5E9157341DD0AC6500FF2AA8 /* PBXContainerItemProxy */ = {
			isa = PBXContainerItemProxy;
			containerPortal = 5E91572D1DD0AC6500FF2AA8 /* RCTAnimation.xcodeproj */;
			proxyType = 2;
			remoteGlobalIDString = 2D2A28201D9B03D100D4039D;
			remoteInfo = "RCTAnimation-tvOS";
		};
		78C398B81ACF4ADC00677621 /* PBXContainerItemProxy */ = {
			isa = PBXContainerItemProxy;
			containerPortal = 78C398B01ACF4ADC00677621 /* RCTLinking.xcodeproj */;
			proxyType = 2;
			remoteGlobalIDString = 134814201AA4EA6300B7C361;
			remoteInfo = RCTLinking;
		};
		832341B41AAA6A8300B99B32 /* PBXContainerItemProxy */ = {
			isa = PBXContainerItemProxy;
			containerPortal = 832341B01AAA6A8300B99B32 /* RCTText.xcodeproj */;
			proxyType = 2;
			remoteGlobalIDString = 58B5119B1A9E6C1200147676;
			remoteInfo = RCTText;
		};
/* End PBXContainerItemProxy section */

/* Begin PBXFileReference section */
		008F07F21AC5B25A0029DE68 /* main.jsbundle */ = {isa = PBXFileReference; fileEncoding = 4; lastKnownFileType = text; path = main.jsbundle; sourceTree = "<group>"; };
		00C302A71ABCB8CE00DB3ED1 /* RCTActionSheet.xcodeproj */ = {isa = PBXFileReference; lastKnownFileType = "wrapper.pb-project"; name = RCTActionSheet.xcodeproj; path = "../node_modules/react-native/Libraries/ActionSheetIOS/RCTActionSheet.xcodeproj"; sourceTree = "<group>"; };
		00C302B51ABCB90400DB3ED1 /* RCTGeolocation.xcodeproj */ = {isa = PBXFileReference; lastKnownFileType = "wrapper.pb-project"; name = RCTGeolocation.xcodeproj; path = "../node_modules/react-native/Libraries/Geolocation/RCTGeolocation.xcodeproj"; sourceTree = "<group>"; };
		00C302BB1ABCB91800DB3ED1 /* RCTImage.xcodeproj */ = {isa = PBXFileReference; lastKnownFileType = "wrapper.pb-project"; name = RCTImage.xcodeproj; path = "../node_modules/react-native/Libraries/Image/RCTImage.xcodeproj"; sourceTree = "<group>"; };
		00C302D31ABCB9D200DB3ED1 /* RCTNetwork.xcodeproj */ = {isa = PBXFileReference; lastKnownFileType = "wrapper.pb-project"; name = RCTNetwork.xcodeproj; path = "../node_modules/react-native/Libraries/Network/RCTNetwork.xcodeproj"; sourceTree = "<group>"; };
		00C302DF1ABCB9EE00DB3ED1 /* RCTVibration.xcodeproj */ = {isa = PBXFileReference; lastKnownFileType = "wrapper.pb-project"; name = RCTVibration.xcodeproj; path = "../node_modules/react-native/Libraries/Vibration/RCTVibration.xcodeproj"; sourceTree = "<group>"; };
		00E356EE1AD99517003FC87E /* iHouseTests.xctest */ = {isa = PBXFileReference; explicitFileType = wrapper.cfbundle; includeInIndex = 0; path = iHouseTests.xctest; sourceTree = BUILT_PRODUCTS_DIR; };
		00E356F11AD99517003FC87E /* Info.plist */ = {isa = PBXFileReference; lastKnownFileType = text.plist.xml; path = Info.plist; sourceTree = "<group>"; };
		00E356F21AD99517003FC87E /* iHouseTests.m */ = {isa = PBXFileReference; lastKnownFileType = sourcecode.c.objc; path = iHouseTests.m; sourceTree = "<group>"; };
		139105B61AF99BAD00B5F7CC /* RCTSettings.xcodeproj */ = {isa = PBXFileReference; lastKnownFileType = "wrapper.pb-project"; name = RCTSettings.xcodeproj; path = "../node_modules/react-native/Libraries/Settings/RCTSettings.xcodeproj"; sourceTree = "<group>"; };
		139FDEE61B06529A00C62182 /* RCTWebSocket.xcodeproj */ = {isa = PBXFileReference; lastKnownFileType = "wrapper.pb-project"; name = RCTWebSocket.xcodeproj; path = "../node_modules/react-native/Libraries/WebSocket/RCTWebSocket.xcodeproj"; sourceTree = "<group>"; };
		13B07F961A680F5B00A75B9A /* iHouse.app */ = {isa = PBXFileReference; explicitFileType = wrapper.application; includeInIndex = 0; path = iHouse.app; sourceTree = BUILT_PRODUCTS_DIR; };
		13B07FAF1A68108700A75B9A /* AppDelegate.h */ = {isa = PBXFileReference; fileEncoding = 4; lastKnownFileType = sourcecode.c.h; name = AppDelegate.h; path = iHouse/AppDelegate.h; sourceTree = "<group>"; };
		13B07FB01A68108700A75B9A /* AppDelegate.m */ = {isa = PBXFileReference; fileEncoding = 4; lastKnownFileType = sourcecode.c.objc; name = AppDelegate.m; path = iHouse/AppDelegate.m; sourceTree = "<group>"; };
		13B07FB21A68108700A75B9A /* Base */ = {isa = PBXFileReference; lastKnownFileType = file.xib; name = Base; path = Base.lproj/LaunchScreen.xib; sourceTree = "<group>"; };
		13B07FB51A68108700A75B9A /* Images.xcassets */ = {isa = PBXFileReference; lastKnownFileType = folder.assetcatalog; name = Images.xcassets; path = iHouse/Images.xcassets; sourceTree = "<group>"; };
		13B07FB61A68108700A75B9A /* Info.plist */ = {isa = PBXFileReference; fileEncoding = 4; lastKnownFileType = text.plist.xml; name = Info.plist; path = iHouse/Info.plist; sourceTree = "<group>"; };
		13B07FB71A68108700A75B9A /* main.m */ = {isa = PBXFileReference; fileEncoding = 4; lastKnownFileType = sourcecode.c.objc; name = main.m; path = iHouse/main.m; sourceTree = "<group>"; };
		146833FF1AC3E56700842450 /* React.xcodeproj */ = {isa = PBXFileReference; lastKnownFileType = "wrapper.pb-project"; name = React.xcodeproj; path = "../node_modules/react-native/React/React.xcodeproj"; sourceTree = "<group>"; };
		22491D8060D24113986D601E /* libRNAnalytics.a */ = {isa = PBXFileReference; explicitFileType = undefined; fileEncoding = 9; includeInIndex = 0; lastKnownFileType = archive.ar; path = libRNAnalytics.a; sourceTree = "<group>"; };
		47827B8EA2BD46E2942D529F /* Rubik-Regular.ttf */ = {isa = PBXFileReference; explicitFileType = undefined; fileEncoding = 9; includeInIndex = 0; lastKnownFileType = unknown; name = "Rubik-Regular.ttf"; path = "../node_modules/@shoutem/ui/fonts/Rubik-Regular.ttf"; sourceTree = "<group>"; };
		49EFA9781DFAAAF4001F9704 /* LICENSE */ = {isa = PBXFileReference; fileEncoding = 4; lastKnownFileType = text; path = LICENSE; sourceTree = "<group>"; };
		49EFA9791DFAAAF4001F9704 /* RNMobileCenter.framework */ = {isa = PBXFileReference; lastKnownFileType = wrapper.framework; path = RNMobileCenter.framework; sourceTree = "<group>"; };
		49EFA9FF1DFAAB55001F9704 /* CHANGELOG.md */ = {isa = PBXFileReference; fileEncoding = 4; lastKnownFileType = net.daringfireball.markdown; path = CHANGELOG.md; sourceTree = "<group>"; };
		49EFAA031DFAAB55001F9704 /* MSMobileCenter.html */ = {isa = PBXFileReference; fileEncoding = 4; lastKnownFileType = text.html.documentation; path = MSMobileCenter.html; sourceTree = "<group>"; };
		49EFAA041DFAAB55001F9704 /* Classes.html */ = {isa = PBXFileReference; fileEncoding = 4; lastKnownFileType = text.html.documentation; path = Classes.html; sourceTree = "<group>"; };
		49EFAA061DFAAB55001F9704 /* highlight.css */ = {isa = PBXFileReference; fileEncoding = 4; lastKnownFileType = text.css; path = highlight.css; sourceTree = "<group>"; };
		49EFAA071DFAAB55001F9704 /* jazzy.css */ = {isa = PBXFileReference; fileEncoding = 4; lastKnownFileType = text.css; path = jazzy.css; sourceTree = "<group>"; };
		49EFAA091DFAAB55001F9704 /* MobileCenter.docset */ = {isa = PBXFileReference; lastKnownFileType = wrapper; path = MobileCenter.docset; sourceTree = "<group>"; };
		49EFAA0A1DFAAB55001F9704 /* MobileCenter.tgz */ = {isa = PBXFileReference; lastKnownFileType = file; path = MobileCenter.tgz; sourceTree = "<group>"; };
		49EFAA0B1DFAAB55001F9704 /* MobileCenter.xml */ = {isa = PBXFileReference; fileEncoding = 4; lastKnownFileType = text.xml; path = MobileCenter.xml; sourceTree = "<group>"; };
		49EFAA0D1DFAAB55001F9704 /* MSLogLevel.html */ = {isa = PBXFileReference; fileEncoding = 4; lastKnownFileType = text.html.documentation; path = MSLogLevel.html; sourceTree = "<group>"; };
		49EFAA0E1DFAAB55001F9704 /* Enums.html */ = {isa = PBXFileReference; fileEncoding = 4; lastKnownFileType = text.html.documentation; path = Enums.html; sourceTree = "<group>"; };
		49EFAA101DFAAB55001F9704 /* carat.png */ = {isa = PBXFileReference; lastKnownFileType = image.png; path = carat.png; sourceTree = "<group>"; };
		49EFAA111DFAAB55001F9704 /* dash.png */ = {isa = PBXFileReference; lastKnownFileType = image.png; path = dash.png; sourceTree = "<group>"; };
		49EFAA121DFAAB55001F9704 /* gh.png */ = {isa = PBXFileReference; lastKnownFileType = image.png; path = gh.png; sourceTree = "<group>"; };
		49EFAA131DFAAB55001F9704 /* index.html */ = {isa = PBXFileReference; fileEncoding = 4; lastKnownFileType = text.html.documentation; path = index.html; sourceTree = "<group>"; };
		49EFAA151DFAAB55001F9704 /* jazzy.js */ = {isa = PBXFileReference; fileEncoding = 4; lastKnownFileType = sourcecode.javascript; path = jazzy.js; sourceTree = "<group>"; };
		49EFAA161DFAAB55001F9704 /* jquery.min.js */ = {isa = PBXFileReference; fileEncoding = 4; lastKnownFileType = sourcecode.javascript; path = jquery.min.js; sourceTree = "<group>"; };
		49EFAA181DFAAB55001F9704 /* MSService.html */ = {isa = PBXFileReference; fileEncoding = 4; lastKnownFileType = text.html.documentation; path = MSService.html; sourceTree = "<group>"; };
		49EFAA191DFAAB55001F9704 /* Protocols.html */ = {isa = PBXFileReference; fileEncoding = 4; lastKnownFileType = text.html.documentation; path = Protocols.html; sourceTree = "<group>"; };
		49EFAA1A1DFAAB55001F9704 /* undocumented.json */ = {isa = PBXFileReference; fileEncoding = 4; lastKnownFileType = text.json; path = undocumented.json; sourceTree = "<group>"; };
		49EFAA1D1DFAAB55001F9704 /* MSAnalytics.html */ = {isa = PBXFileReference; fileEncoding = 4; lastKnownFileType = text.html.documentation; path = MSAnalytics.html; sourceTree = "<group>"; };
		49EFAA1E1DFAAB55001F9704 /* Classes.html */ = {isa = PBXFileReference; fileEncoding = 4; lastKnownFileType = text.html.documentation; path = Classes.html; sourceTree = "<group>"; };
		49EFAA201DFAAB55001F9704 /* highlight.css */ = {isa = PBXFileReference; fileEncoding = 4; lastKnownFileType = text.css; path = highlight.css; sourceTree = "<group>"; };
		49EFAA211DFAAB55001F9704 /* jazzy.css */ = {isa = PBXFileReference; fileEncoding = 4; lastKnownFileType = text.css; path = jazzy.css; sourceTree = "<group>"; };
		49EFAA231DFAAB55001F9704 /* MobileCenterAnalytics.docset */ = {isa = PBXFileReference; lastKnownFileType = wrapper; path = MobileCenterAnalytics.docset; sourceTree = "<group>"; };
		49EFAA241DFAAB55001F9704 /* MobileCenterAnalytics.tgz */ = {isa = PBXFileReference; lastKnownFileType = file; path = MobileCenterAnalytics.tgz; sourceTree = "<group>"; };
		49EFAA251DFAAB55001F9704 /* MobileCenterAnalytics.xml */ = {isa = PBXFileReference; fileEncoding = 4; lastKnownFileType = text.xml; path = MobileCenterAnalytics.xml; sourceTree = "<group>"; };
		49EFAA271DFAAB55001F9704 /* carat.png */ = {isa = PBXFileReference; lastKnownFileType = image.png; path = carat.png; sourceTree = "<group>"; };
		49EFAA281DFAAB55001F9704 /* dash.png */ = {isa = PBXFileReference; lastKnownFileType = image.png; path = dash.png; sourceTree = "<group>"; };
		49EFAA291DFAAB55001F9704 /* gh.png */ = {isa = PBXFileReference; lastKnownFileType = image.png; path = gh.png; sourceTree = "<group>"; };
		49EFAA2A1DFAAB55001F9704 /* index.html */ = {isa = PBXFileReference; fileEncoding = 4; lastKnownFileType = text.html.documentation; path = index.html; sourceTree = "<group>"; };
		49EFAA2C1DFAAB55001F9704 /* jazzy.js */ = {isa = PBXFileReference; fileEncoding = 4; lastKnownFileType = sourcecode.javascript; path = jazzy.js; sourceTree = "<group>"; };
		49EFAA2D1DFAAB55001F9704 /* jquery.min.js */ = {isa = PBXFileReference; fileEncoding = 4; lastKnownFileType = sourcecode.javascript; path = jquery.min.js; sourceTree = "<group>"; };
		49EFAA2E1DFAAB55001F9704 /* undocumented.json */ = {isa = PBXFileReference; fileEncoding = 4; lastKnownFileType = text.json; path = undocumented.json; sourceTree = "<group>"; };
		49EFAA311DFAAB55001F9704 /* highlight.css */ = {isa = PBXFileReference; fileEncoding = 4; lastKnownFileType = text.css; path = highlight.css; sourceTree = "<group>"; };
		49EFAA321DFAAB55001F9704 /* jazzy.css */ = {isa = PBXFileReference; fileEncoding = 4; lastKnownFileType = text.css; path = jazzy.css; sourceTree = "<group>"; };
		49EFAA341DFAAB55001F9704 /* Crashes.docset */ = {isa = PBXFileReference; lastKnownFileType = wrapper; path = Crashes.docset; sourceTree = "<group>"; };
		49EFAA351DFAAB55001F9704 /* Crashes.tgz */ = {isa = PBXFileReference; lastKnownFileType = file; path = Crashes.tgz; sourceTree = "<group>"; };
		49EFAA361DFAAB55001F9704 /* Crashes.xml */ = {isa = PBXFileReference; fileEncoding = 4; lastKnownFileType = text.xml; path = Crashes.xml; sourceTree = "<group>"; };
		49EFAA381DFAAB55001F9704 /* MSErrorLogSetting.html */ = {isa = PBXFileReference; fileEncoding = 4; lastKnownFileType = text.html.documentation; path = MSErrorLogSetting.html; sourceTree = "<group>"; };
		49EFAA391DFAAB55001F9704 /* MSUserConfirmation.html */ = {isa = PBXFileReference; fileEncoding = 4; lastKnownFileType = text.html.documentation; path = MSUserConfirmation.html; sourceTree = "<group>"; };
		49EFAA3A1DFAAB55001F9704 /* Enums.html */ = {isa = PBXFileReference; fileEncoding = 4; lastKnownFileType = text.html.documentation; path = Enums.html; sourceTree = "<group>"; };
		49EFAA3C1DFAAB55001F9704 /* carat.png */ = {isa = PBXFileReference; lastKnownFileType = image.png; path = carat.png; sourceTree = "<group>"; };
		49EFAA3D1DFAAB55001F9704 /* dash.png */ = {isa = PBXFileReference; lastKnownFileType = image.png; path = dash.png; sourceTree = "<group>"; };
		49EFAA3E1DFAAB55001F9704 /* gh.png */ = {isa = PBXFileReference; lastKnownFileType = image.png; path = gh.png; sourceTree = "<group>"; };
		49EFAA3F1DFAAB55001F9704 /* index.html */ = {isa = PBXFileReference; fileEncoding = 4; lastKnownFileType = text.html.documentation; path = index.html; sourceTree = "<group>"; };
		49EFAA411DFAAB55001F9704 /* jazzy.js */ = {isa = PBXFileReference; fileEncoding = 4; lastKnownFileType = sourcecode.javascript; path = jazzy.js; sourceTree = "<group>"; };
		49EFAA421DFAAB55001F9704 /* jquery.min.js */ = {isa = PBXFileReference; fileEncoding = 4; lastKnownFileType = sourcecode.javascript; path = jquery.min.js; sourceTree = "<group>"; };
		49EFAA431DFAAB55001F9704 /* Type Definitions.html */ = {isa = PBXFileReference; fileEncoding = 4; lastKnownFileType = text.html.documentation; path = "Type Definitions.html"; sourceTree = "<group>"; };
		49EFAA441DFAAB55001F9704 /* undocumented.json */ = {isa = PBXFileReference; fileEncoding = 4; lastKnownFileType = text.json; path = undocumented.json; sourceTree = "<group>"; };
		49EFAA451DFAAB55001F9704 /* LICENSE */ = {isa = PBXFileReference; fileEncoding = 4; lastKnownFileType = text; path = LICENSE; sourceTree = "<group>"; };
		49EFAA461DFAAB55001F9704 /* MobileCenter.framework */ = {isa = PBXFileReference; lastKnownFileType = wrapper.framework; path = MobileCenter.framework; sourceTree = "<group>"; };
		49EFAA471DFAAB55001F9704 /* MobileCenterAnalytics.framework */ = {isa = PBXFileReference; lastKnownFileType = wrapper.framework; path = MobileCenterAnalytics.framework; sourceTree = "<group>"; };
		49EFAA481DFAAB55001F9704 /* MobileCenterCrashes.framework */ = {isa = PBXFileReference; lastKnownFileType = wrapper.framework; path = MobileCenterCrashes.framework; sourceTree = "<group>"; };
		49EFAA491DFAAB55001F9704 /* README.md */ = {isa = PBXFileReference; fileEncoding = 4; lastKnownFileType = net.daringfireball.markdown; path = README.md; sourceTree = "<group>"; };
		5E91572D1DD0AC6500FF2AA8 /* RCTAnimation.xcodeproj */ = {isa = PBXFileReference; lastKnownFileType = "wrapper.pb-project"; name = RCTAnimation.xcodeproj; path = "../node_modules/react-native/Libraries/NativeAnimation/RCTAnimation.xcodeproj"; sourceTree = "<group>"; };
		674E505C2C0E4C00B24F1BAB /* Rubik-Black.ttf */ = {isa = PBXFileReference; explicitFileType = undefined; fileEncoding = 9; includeInIndex = 0; lastKnownFileType = unknown; name = "Rubik-Black.ttf"; path = "../node_modules/@shoutem/ui/fonts/Rubik-Black.ttf"; sourceTree = "<group>"; };
		69FC9AC49F264524AE3F4603 /* Rubik-Light.ttf */ = {isa = PBXFileReference; explicitFileType = undefined; fileEncoding = 9; includeInIndex = 0; lastKnownFileType = unknown; name = "Rubik-Light.ttf"; path = "../node_modules/@shoutem/ui/fonts/Rubik-Light.ttf"; sourceTree = "<group>"; };
		70983D84783E4AC6B02696E3 /* Rubik-Medium.ttf */ = {isa = PBXFileReference; explicitFileType = undefined; fileEncoding = 9; includeInIndex = 0; lastKnownFileType = unknown; name = "Rubik-Medium.ttf"; path = "../node_modules/@shoutem/ui/fonts/Rubik-Medium.ttf"; sourceTree = "<group>"; };
		78C398B01ACF4ADC00677621 /* RCTLinking.xcodeproj */ = {isa = PBXFileReference; lastKnownFileType = "wrapper.pb-project"; name = RCTLinking.xcodeproj; path = "../node_modules/react-native/Libraries/LinkingIOS/RCTLinking.xcodeproj"; sourceTree = "<group>"; };
		7C633EDBAEA24164937C30EE /* RNAnalytics.xcodeproj */ = {isa = PBXFileReference; explicitFileType = undefined; fileEncoding = 9; includeInIndex = 0; lastKnownFileType = "wrapper.pb-project"; name = RNAnalytics.xcodeproj; path = "../node_modules/mobile-center-analytics/ios/RNAnalytics.xcodeproj"; sourceTree = "<group>"; };
		832341B01AAA6A8300B99B32 /* RCTText.xcodeproj */ = {isa = PBXFileReference; lastKnownFileType = "wrapper.pb-project"; name = RCTText.xcodeproj; path = "../node_modules/react-native/Libraries/Text/RCTText.xcodeproj"; sourceTree = "<group>"; };
		9488A1182E974874895127CD /* rubicon-icon-font.ttf */ = {isa = PBXFileReference; explicitFileType = undefined; fileEncoding = 9; includeInIndex = 0; lastKnownFileType = unknown; name = "rubicon-icon-font.ttf"; path = "../node_modules/@shoutem/ui/fonts/rubicon-icon-font.ttf"; sourceTree = "<group>"; };
		9C72B3A7612D458388A4182D /* OFL.txt */ = {isa = PBXFileReference; explicitFileType = undefined; fileEncoding = 9; includeInIndex = 0; lastKnownFileType = unknown; name = OFL.txt; path = "../node_modules/@shoutem/ui/fonts/OFL.txt"; sourceTree = "<group>"; };
		A79A7A3789F944C1A840A000 /* MobileCenter-Config.plist */ = {isa = PBXFileReference; explicitFileType = undefined; fileEncoding = 4; includeInIndex = 0; lastKnownFileType = text.plist.xml; name = "MobileCenter-Config.plist"; path = "iHouse/MobileCenter-Config.plist"; sourceTree = "<group>"; };
		BEC649120F174824A9164F55 /* Rubik-MediumItalic.ttf */ = {isa = PBXFileReference; explicitFileType = undefined; fileEncoding = 9; includeInIndex = 0; lastKnownFileType = unknown; name = "Rubik-MediumItalic.ttf"; path = "../node_modules/@shoutem/ui/fonts/Rubik-MediumItalic.ttf"; sourceTree = "<group>"; };
		C1C38F2172204AC59A7EFC7B /* Rubik-LightItalic.ttf */ = {isa = PBXFileReference; explicitFileType = undefined; fileEncoding = 9; includeInIndex = 0; lastKnownFileType = unknown; name = "Rubik-LightItalic.ttf"; path = "../node_modules/@shoutem/ui/fonts/Rubik-LightItalic.ttf"; sourceTree = "<group>"; };
		DAA232456BDC4CC89064C2F0 /* Rubik-Bold.ttf */ = {isa = PBXFileReference; explicitFileType = undefined; fileEncoding = 9; includeInIndex = 0; lastKnownFileType = unknown; name = "Rubik-Bold.ttf"; path = "../node_modules/@shoutem/ui/fonts/Rubik-Bold.ttf"; sourceTree = "<group>"; };
		DCADC35A31224A47B26FB516 /* Rubik-BoldItalic.ttf */ = {isa = PBXFileReference; explicitFileType = undefined; fileEncoding = 9; includeInIndex = 0; lastKnownFileType = unknown; name = "Rubik-BoldItalic.ttf"; path = "../node_modules/@shoutem/ui/fonts/Rubik-BoldItalic.ttf"; sourceTree = "<group>"; };
		E2C0784FB86043C180BA23AA /* Rubik-BlackItalic.ttf */ = {isa = PBXFileReference; explicitFileType = undefined; fileEncoding = 9; includeInIndex = 0; lastKnownFileType = unknown; name = "Rubik-BlackItalic.ttf"; path = "../node_modules/@shoutem/ui/fonts/Rubik-BlackItalic.ttf"; sourceTree = "<group>"; };
		FE221E7998BC4D97AA18C1F8 /* Rubik-Italic.ttf */ = {isa = PBXFileReference; explicitFileType = undefined; fileEncoding = 9; includeInIndex = 0; lastKnownFileType = unknown; name = "Rubik-Italic.ttf"; path = "../node_modules/@shoutem/ui/fonts/Rubik-Italic.ttf"; sourceTree = "<group>"; };
/* End PBXFileReference section */

/* Begin PBXFrameworksBuildPhase section */
		00E356EB1AD99517003FC87E /* Frameworks */ = {
			isa = PBXFrameworksBuildPhase;
			buildActionMask = 2147483647;
			files = (
				140ED2AC1D01E1AD002B40FF /* libReact.a in Frameworks */,
			);
			runOnlyForDeploymentPostprocessing = 0;
		};
		13B07F8C1A680F5B00A75B9A /* Frameworks */ = {
			isa = PBXFrameworksBuildPhase;
			buildActionMask = 2147483647;
			files = (
				5E9157361DD0AC6A00FF2AA8 /* libRCTAnimation.a in Frameworks */,
				146834051AC3E58100842450 /* libReact.a in Frameworks */,
				00C302E51ABCBA2D00DB3ED1 /* libRCTActionSheet.a in Frameworks */,
				00C302E71ABCBA2D00DB3ED1 /* libRCTGeolocation.a in Frameworks */,
				00C302E81ABCBA2D00DB3ED1 /* libRCTImage.a in Frameworks */,
				133E29F31AD74F7200F7D852 /* libRCTLinking.a in Frameworks */,
				00C302E91ABCBA2D00DB3ED1 /* libRCTNetwork.a in Frameworks */,
				49EFA97B1DFAAAF4001F9704 /* RNMobileCenter.framework in Frameworks */,
				139105C61AF99C1200B5F7CC /* libRCTSettings.a in Frameworks */,
				832341BD1AAA6AB300B99B32 /* libRCTText.a in Frameworks */,
				00C302EA1ABCBA2D00DB3ED1 /* libRCTVibration.a in Frameworks */,
				49EFAA7E1DFAAB55001F9704 /* MobileCenterCrashes.framework in Frameworks */,
				139FDEF61B0652A700C62182 /* libRCTWebSocket.a in Frameworks */,
				60E2B95905264782ACAEC548 /* libRNAnalytics.a in Frameworks */,
				49EFAA7C1DFAAB55001F9704 /* MobileCenter.framework in Frameworks */,
				49EFAA7D1DFAAB55001F9704 /* MobileCenterAnalytics.framework in Frameworks */,
			);
			runOnlyForDeploymentPostprocessing = 0;
		};
/* End PBXFrameworksBuildPhase section */

/* Begin PBXGroup section */
		00C302A81ABCB8CE00DB3ED1 /* Products */ = {
			isa = PBXGroup;
			children = (
				00C302AC1ABCB8CE00DB3ED1 /* libRCTActionSheet.a */,
			);
			name = Products;
			sourceTree = "<group>";
		};
		00C302B61ABCB90400DB3ED1 /* Products */ = {
			isa = PBXGroup;
			children = (
				00C302BA1ABCB90400DB3ED1 /* libRCTGeolocation.a */,
			);
			name = Products;
			sourceTree = "<group>";
		};
		00C302BC1ABCB91800DB3ED1 /* Products */ = {
			isa = PBXGroup;
			children = (
				00C302C01ABCB91800DB3ED1 /* libRCTImage.a */,
				49ABF5DA1DF3620F0088E973 /* libRCTImage-tvOS.a */,
			);
			name = Products;
			sourceTree = "<group>";
		};
		00C302D41ABCB9D200DB3ED1 /* Products */ = {
			isa = PBXGroup;
			children = (
				00C302DC1ABCB9D200DB3ED1 /* libRCTNetwork.a */,
				49ABF5E21DF3620F0088E973 /* libRCTNetwork-tvOS.a */,
			);
			name = Products;
			sourceTree = "<group>";
		};
		00C302E01ABCB9EE00DB3ED1 /* Products */ = {
			isa = PBXGroup;
			children = (
				00C302E41ABCB9EE00DB3ED1 /* libRCTVibration.a */,
			);
			name = Products;
			sourceTree = "<group>";
		};
		00E356EF1AD99517003FC87E /* iHouseTests */ = {
			isa = PBXGroup;
			children = (
				00E356F21AD99517003FC87E /* iHouseTests.m */,
				00E356F01AD99517003FC87E /* Supporting Files */,
			);
			path = iHouseTests;
			sourceTree = "<group>";
		};
		00E356F01AD99517003FC87E /* Supporting Files */ = {
			isa = PBXGroup;
			children = (
				00E356F11AD99517003FC87E /* Info.plist */,
			);
			name = "Supporting Files";
			sourceTree = "<group>";
		};
		139105B71AF99BAD00B5F7CC /* Products */ = {
			isa = PBXGroup;
			children = (
				139105C11AF99BAD00B5F7CC /* libRCTSettings.a */,
				49ABF5E61DF3620F0088E973 /* libRCTSettings-tvOS.a */,
			);
			name = Products;
			sourceTree = "<group>";
		};
		139FDEE71B06529A00C62182 /* Products */ = {
			isa = PBXGroup;
			children = (
				139FDEF41B06529B00C62182 /* libRCTWebSocket.a */,
				49ABF5EF1DF3620F0088E973 /* libRCTWebSocket-tvOS.a */,
			);
			name = Products;
			sourceTree = "<group>";
		};
		13B07FAE1A68108700A75B9A /* iHouse */ = {
			isa = PBXGroup;
			children = (
				008F07F21AC5B25A0029DE68 /* main.jsbundle */,
				13B07FAF1A68108700A75B9A /* AppDelegate.h */,
				13B07FB01A68108700A75B9A /* AppDelegate.m */,
				13B07FB51A68108700A75B9A /* Images.xcassets */,
				13B07FB61A68108700A75B9A /* Info.plist */,
				13B07FB11A68108700A75B9A /* LaunchScreen.xib */,
				13B07FB71A68108700A75B9A /* main.m */,
			);
			name = iHouse;
			sourceTree = "<group>";
		};
		146834001AC3E56700842450 /* Products */ = {
			isa = PBXGroup;
			children = (
				146834041AC3E56700842450 /* libReact.a */,
				49ABF5F31DF3620F0088E973 /* libReact-tvOS.a */,
			);
			name = Products;
			sourceTree = "<group>";
		};
		49EFA95F1DFAAA18001F9704 /* Products */ = {
			isa = PBXGroup;
			children = (
				49EFA9761DFAAA19001F9704 /* libRNAnalytics.a */,
			);
			name = Products;
			sourceTree = "<group>";
		};
		49EFA9771DFAAAF4001F9704 /* RNMobileCenter */ = {
			isa = PBXGroup;
			children = (
				49EFA9781DFAAAF4001F9704 /* LICENSE */,
				49EFA9791DFAAAF4001F9704 /* RNMobileCenter.framework */,
			);
			path = RNMobileCenter;
			sourceTree = "<group>";
		};
		49EFA9FE1DFAAB55001F9704 /* MobileCenter-SDK-iOS */ = {
			isa = PBXGroup;
			children = (
				49EFA9FF1DFAAB55001F9704 /* CHANGELOG.md */,
				49EFAA001DFAAB55001F9704 /* Documentation */,
				49EFAA451DFAAB55001F9704 /* LICENSE */,
				49EFAA461DFAAB55001F9704 /* MobileCenter.framework */,
				49EFAA471DFAAB55001F9704 /* MobileCenterAnalytics.framework */,
				49EFAA481DFAAB55001F9704 /* MobileCenterCrashes.framework */,
				49EFAA491DFAAB55001F9704 /* README.md */,
			);
			path = "MobileCenter-SDK-iOS";
			sourceTree = "<group>";
		};
		49EFAA001DFAAB55001F9704 /* Documentation */ = {
			isa = PBXGroup;
			children = (
				49EFAA011DFAAB55001F9704 /* MobileCenter */,
				49EFAA1B1DFAAB55001F9704 /* MobileCenterAnalytics */,
				49EFAA2F1DFAAB55001F9704 /* MobileCenterCrashes */,
			);
			path = Documentation;
			sourceTree = "<group>";
		};
		49EFAA011DFAAB55001F9704 /* MobileCenter */ = {
			isa = PBXGroup;
			children = (
				49EFAA021DFAAB55001F9704 /* Classes */,
				49EFAA041DFAAB55001F9704 /* Classes.html */,
				49EFAA051DFAAB55001F9704 /* css */,
				49EFAA081DFAAB55001F9704 /* docsets */,
				49EFAA0C1DFAAB55001F9704 /* Enums */,
				49EFAA0E1DFAAB55001F9704 /* Enums.html */,
				49EFAA0F1DFAAB55001F9704 /* img */,
				49EFAA131DFAAB55001F9704 /* index.html */,
				49EFAA141DFAAB55001F9704 /* js */,
				49EFAA171DFAAB55001F9704 /* Protocols */,
				49EFAA191DFAAB55001F9704 /* Protocols.html */,
				49EFAA1A1DFAAB55001F9704 /* undocumented.json */,
			);
			path = MobileCenter;
			sourceTree = "<group>";
		};
		49EFAA021DFAAB55001F9704 /* Classes */ = {
			isa = PBXGroup;
			children = (
				49EFAA031DFAAB55001F9704 /* MSMobileCenter.html */,
			);
			path = Classes;
			sourceTree = "<group>";
		};
		49EFAA051DFAAB55001F9704 /* css */ = {
			isa = PBXGroup;
			children = (
				49EFAA061DFAAB55001F9704 /* highlight.css */,
				49EFAA071DFAAB55001F9704 /* jazzy.css */,
			);
			path = css;
			sourceTree = "<group>";
		};
		49EFAA081DFAAB55001F9704 /* docsets */ = {
			isa = PBXGroup;
			children = (
				49EFAA091DFAAB55001F9704 /* MobileCenter.docset */,
				49EFAA0A1DFAAB55001F9704 /* MobileCenter.tgz */,
				49EFAA0B1DFAAB55001F9704 /* MobileCenter.xml */,
			);
			path = docsets;
			sourceTree = "<group>";
		};
		49EFAA0C1DFAAB55001F9704 /* Enums */ = {
			isa = PBXGroup;
			children = (
				49EFAA0D1DFAAB55001F9704 /* MSLogLevel.html */,
			);
			path = Enums;
			sourceTree = "<group>";
		};
		49EFAA0F1DFAAB55001F9704 /* img */ = {
			isa = PBXGroup;
			children = (
				49EFAA101DFAAB55001F9704 /* carat.png */,
				49EFAA111DFAAB55001F9704 /* dash.png */,
				49EFAA121DFAAB55001F9704 /* gh.png */,
			);
			path = img;
			sourceTree = "<group>";
		};
		49EFAA141DFAAB55001F9704 /* js */ = {
			isa = PBXGroup;
			children = (
				49EFAA151DFAAB55001F9704 /* jazzy.js */,
				49EFAA161DFAAB55001F9704 /* jquery.min.js */,
			);
			path = js;
			sourceTree = "<group>";
		};
		49EFAA171DFAAB55001F9704 /* Protocols */ = {
			isa = PBXGroup;
			children = (
				49EFAA181DFAAB55001F9704 /* MSService.html */,
			);
			path = Protocols;
			sourceTree = "<group>";
		};
		49EFAA1B1DFAAB55001F9704 /* MobileCenterAnalytics */ = {
			isa = PBXGroup;
			children = (
				49EFAA1C1DFAAB55001F9704 /* Classes */,
				49EFAA1E1DFAAB55001F9704 /* Classes.html */,
				49EFAA1F1DFAAB55001F9704 /* css */,
				49EFAA221DFAAB55001F9704 /* docsets */,
				49EFAA261DFAAB55001F9704 /* img */,
				49EFAA2A1DFAAB55001F9704 /* index.html */,
				49EFAA2B1DFAAB55001F9704 /* js */,
				49EFAA2E1DFAAB55001F9704 /* undocumented.json */,
			);
			path = MobileCenterAnalytics;
			sourceTree = "<group>";
		};
		49EFAA1C1DFAAB55001F9704 /* Classes */ = {
			isa = PBXGroup;
			children = (
				49EFAA1D1DFAAB55001F9704 /* MSAnalytics.html */,
			);
			path = Classes;
			sourceTree = "<group>";
		};
		49EFAA1F1DFAAB55001F9704 /* css */ = {
			isa = PBXGroup;
			children = (
				49EFAA201DFAAB55001F9704 /* highlight.css */,
				49EFAA211DFAAB55001F9704 /* jazzy.css */,
			);
			path = css;
			sourceTree = "<group>";
		};
		49EFAA221DFAAB55001F9704 /* docsets */ = {
			isa = PBXGroup;
			children = (
				49EFAA231DFAAB55001F9704 /* MobileCenterAnalytics.docset */,
				49EFAA241DFAAB55001F9704 /* MobileCenterAnalytics.tgz */,
				49EFAA251DFAAB55001F9704 /* MobileCenterAnalytics.xml */,
			);
			path = docsets;
			sourceTree = "<group>";
		};
		49EFAA261DFAAB55001F9704 /* img */ = {
			isa = PBXGroup;
			children = (
				49EFAA271DFAAB55001F9704 /* carat.png */,
				49EFAA281DFAAB55001F9704 /* dash.png */,
				49EFAA291DFAAB55001F9704 /* gh.png */,
			);
			path = img;
			sourceTree = "<group>";
		};
		49EFAA2B1DFAAB55001F9704 /* js */ = {
			isa = PBXGroup;
			children = (
				49EFAA2C1DFAAB55001F9704 /* jazzy.js */,
				49EFAA2D1DFAAB55001F9704 /* jquery.min.js */,
			);
			path = js;
			sourceTree = "<group>";
		};
		49EFAA2F1DFAAB55001F9704 /* MobileCenterCrashes */ = {
			isa = PBXGroup;
			children = (
				49EFAA301DFAAB55001F9704 /* css */,
				49EFAA331DFAAB55001F9704 /* docsets */,
				49EFAA371DFAAB55001F9704 /* Enums */,
				49EFAA3A1DFAAB55001F9704 /* Enums.html */,
				49EFAA3B1DFAAB55001F9704 /* img */,
				49EFAA3F1DFAAB55001F9704 /* index.html */,
				49EFAA401DFAAB55001F9704 /* js */,
				49EFAA431DFAAB55001F9704 /* Type Definitions.html */,
				49EFAA441DFAAB55001F9704 /* undocumented.json */,
			);
			path = MobileCenterCrashes;
			sourceTree = "<group>";
		};
		49EFAA301DFAAB55001F9704 /* css */ = {
			isa = PBXGroup;
			children = (
				49EFAA311DFAAB55001F9704 /* highlight.css */,
				49EFAA321DFAAB55001F9704 /* jazzy.css */,
			);
			path = css;
			sourceTree = "<group>";
		};
		49EFAA331DFAAB55001F9704 /* docsets */ = {
			isa = PBXGroup;
			children = (
				49EFAA341DFAAB55001F9704 /* Crashes.docset */,
				49EFAA351DFAAB55001F9704 /* Crashes.tgz */,
				49EFAA361DFAAB55001F9704 /* Crashes.xml */,
			);
			path = docsets;
			sourceTree = "<group>";
		};
		49EFAA371DFAAB55001F9704 /* Enums */ = {
			isa = PBXGroup;
			children = (
				49EFAA381DFAAB55001F9704 /* MSErrorLogSetting.html */,
				49EFAA391DFAAB55001F9704 /* MSUserConfirmation.html */,
			);
			path = Enums;
			sourceTree = "<group>";
		};
		49EFAA3B1DFAAB55001F9704 /* img */ = {
			isa = PBXGroup;
			children = (
				49EFAA3C1DFAAB55001F9704 /* carat.png */,
				49EFAA3D1DFAAB55001F9704 /* dash.png */,
				49EFAA3E1DFAAB55001F9704 /* gh.png */,
			);
			path = img;
			sourceTree = "<group>";
		};
		49EFAA401DFAAB55001F9704 /* js */ = {
			isa = PBXGroup;
			children = (
				49EFAA411DFAAB55001F9704 /* jazzy.js */,
				49EFAA421DFAAB55001F9704 /* jquery.min.js */,
			);
			path = js;
			sourceTree = "<group>";
		};
		5E91572E1DD0AC6500FF2AA8 /* Products */ = {
			isa = PBXGroup;
			children = (
				5E9157331DD0AC6500FF2AA8 /* libRCTAnimation.a */,
				5E9157351DD0AC6500FF2AA8 /* libRCTAnimation-tvOS.a */,
			);
			name = Products;
			sourceTree = "<group>";
		};
		78C398B11ACF4ADC00677621 /* Products */ = {
			isa = PBXGroup;
			children = (
				78C398B91ACF4ADC00677621 /* libRCTLinking.a */,
				49ABF5DE1DF3620F0088E973 /* libRCTLinking-tvOS.a */,
			);
			name = Products;
			sourceTree = "<group>";
		};
		832341AE1AAA6A7D00B99B32 /* Libraries */ = {
			isa = PBXGroup;
			children = (
				5E91572D1DD0AC6500FF2AA8 /* RCTAnimation.xcodeproj */,
				146833FF1AC3E56700842450 /* React.xcodeproj */,
				00C302A71ABCB8CE00DB3ED1 /* RCTActionSheet.xcodeproj */,
				00C302B51ABCB90400DB3ED1 /* RCTGeolocation.xcodeproj */,
				00C302BB1ABCB91800DB3ED1 /* RCTImage.xcodeproj */,
				78C398B01ACF4ADC00677621 /* RCTLinking.xcodeproj */,
				00C302D31ABCB9D200DB3ED1 /* RCTNetwork.xcodeproj */,
				139105B61AF99BAD00B5F7CC /* RCTSettings.xcodeproj */,
				832341B01AAA6A8300B99B32 /* RCTText.xcodeproj */,
				00C302DF1ABCB9EE00DB3ED1 /* RCTVibration.xcodeproj */,
				139FDEE61B06529A00C62182 /* RCTWebSocket.xcodeproj */,
				7C633EDBAEA24164937C30EE /* RNAnalytics.xcodeproj */,
			);
			name = Libraries;
			sourceTree = "<group>";
		};
		832341B11AAA6A8300B99B32 /* Products */ = {
			isa = PBXGroup;
			children = (
				832341B51AAA6A8300B99B32 /* libRCTText.a */,
				49ABF5EA1DF3620F0088E973 /* libRCTText-tvOS.a */,
			);
			name = Products;
			sourceTree = "<group>";
		};
		83CBB9F61A601CBA00E9B192 = {
			isa = PBXGroup;
			children = (
				49EFA9FE1DFAAB55001F9704 /* MobileCenter-SDK-iOS */,
				13B07FAE1A68108700A75B9A /* iHouse */,
				832341AE1AAA6A7D00B99B32 /* Libraries */,
				00E356EF1AD99517003FC87E /* iHouseTests */,
				83CBBA001A601CBA00E9B192 /* Products */,
				9CD5E12EEF814AA1A7E3D257 /* Resources */,
				A79A7A3789F944C1A840A000 /* MobileCenter-Config.plist */,
				49EFA9771DFAAAF4001F9704 /* RNMobileCenter */,
			);
			indentWidth = 2;
			sourceTree = "<group>";
			tabWidth = 2;
		};
		83CBBA001A601CBA00E9B192 /* Products */ = {
			isa = PBXGroup;
			children = (
				13B07F961A680F5B00A75B9A /* iHouse.app */,
				00E356EE1AD99517003FC87E /* iHouseTests.xctest */,
			);
			name = Products;
			sourceTree = "<group>";
		};
		9CD5E12EEF814AA1A7E3D257 /* Resources */ = {
			isa = PBXGroup;
			children = (
				9C72B3A7612D458388A4182D /* OFL.txt */,
				9488A1182E974874895127CD /* rubicon-icon-font.ttf */,
				674E505C2C0E4C00B24F1BAB /* Rubik-Black.ttf */,
				E2C0784FB86043C180BA23AA /* Rubik-BlackItalic.ttf */,
				DAA232456BDC4CC89064C2F0 /* Rubik-Bold.ttf */,
				DCADC35A31224A47B26FB516 /* Rubik-BoldItalic.ttf */,
				FE221E7998BC4D97AA18C1F8 /* Rubik-Italic.ttf */,
				69FC9AC49F264524AE3F4603 /* Rubik-Light.ttf */,
				C1C38F2172204AC59A7EFC7B /* Rubik-LightItalic.ttf */,
				70983D84783E4AC6B02696E3 /* Rubik-Medium.ttf */,
				BEC649120F174824A9164F55 /* Rubik-MediumItalic.ttf */,
				47827B8EA2BD46E2942D529F /* Rubik-Regular.ttf */,
			);
			name = Resources;
			sourceTree = "<group>";
		};
/* End PBXGroup section */

/* Begin PBXNativeTarget section */
		00E356ED1AD99517003FC87E /* iHouseTests */ = {
			isa = PBXNativeTarget;
			buildConfigurationList = 00E357021AD99517003FC87E /* Build configuration list for PBXNativeTarget "iHouseTests" */;
			buildPhases = (
				00E356EA1AD99517003FC87E /* Sources */,
				00E356EB1AD99517003FC87E /* Frameworks */,
				00E356EC1AD99517003FC87E /* Resources */,
			);
			buildRules = (
			);
			dependencies = (
				00E356F51AD99517003FC87E /* PBXTargetDependency */,
			);
			name = iHouseTests;
			productName = iHouseTests;
			productReference = 00E356EE1AD99517003FC87E /* iHouseTests.xctest */;
			productType = "com.apple.product-type.bundle.unit-test";
		};
		13B07F861A680F5B00A75B9A /* iHouse */ = {
			isa = PBXNativeTarget;
			buildConfigurationList = 13B07F931A680F5B00A75B9A /* Build configuration list for PBXNativeTarget "iHouse" */;
			buildPhases = (
				13B07F871A680F5B00A75B9A /* Sources */,
				13B07F8C1A680F5B00A75B9A /* Frameworks */,
				13B07F8E1A680F5B00A75B9A /* Resources */,
				00DD1BFF1BD5951E006B06BC /* Bundle React Native code and images */,
			);
			buildRules = (
			);
			dependencies = (
			);
			name = iHouse;
			productName = "Hello World";
			productReference = 13B07F961A680F5B00A75B9A /* iHouse.app */;
			productType = "com.apple.product-type.application";
		};
/* End PBXNativeTarget section */

/* Begin PBXProject section */
		83CBB9F71A601CBA00E9B192 /* Project object */ = {
			isa = PBXProject;
			attributes = {
				LastUpgradeCheck = 810;
				ORGANIZATIONNAME = Facebook;
				TargetAttributes = {
					00E356ED1AD99517003FC87E = {
						CreatedOnToolsVersion = 6.2;
						DevelopmentTeam = 85LMA3RS63;
						TestTargetID = 13B07F861A680F5B00A75B9A;
					};
					13B07F861A680F5B00A75B9A = {
						DevelopmentTeam = 85LMA3RS63;
					};
				};
			};
			buildConfigurationList = 83CBB9FA1A601CBA00E9B192 /* Build configuration list for PBXProject "iHouse" */;
			compatibilityVersion = "Xcode 3.2";
			developmentRegion = English;
			hasScannedForEncodings = 0;
			knownRegions = (
				en,
				Base,
			);
			mainGroup = 83CBB9F61A601CBA00E9B192;
			productRefGroup = 83CBBA001A601CBA00E9B192 /* Products */;
			projectDirPath = "";
			projectReferences = (
				{
					ProductGroup = 00C302A81ABCB8CE00DB3ED1 /* Products */;
					ProjectRef = 00C302A71ABCB8CE00DB3ED1 /* RCTActionSheet.xcodeproj */;
				},
				{
					ProductGroup = 5E91572E1DD0AC6500FF2AA8 /* Products */;
					ProjectRef = 5E91572D1DD0AC6500FF2AA8 /* RCTAnimation.xcodeproj */;
				},
				{
					ProductGroup = 00C302B61ABCB90400DB3ED1 /* Products */;
					ProjectRef = 00C302B51ABCB90400DB3ED1 /* RCTGeolocation.xcodeproj */;
				},
				{
					ProductGroup = 00C302BC1ABCB91800DB3ED1 /* Products */;
					ProjectRef = 00C302BB1ABCB91800DB3ED1 /* RCTImage.xcodeproj */;
				},
				{
					ProductGroup = 78C398B11ACF4ADC00677621 /* Products */;
					ProjectRef = 78C398B01ACF4ADC00677621 /* RCTLinking.xcodeproj */;
				},
				{
					ProductGroup = 00C302D41ABCB9D200DB3ED1 /* Products */;
					ProjectRef = 00C302D31ABCB9D200DB3ED1 /* RCTNetwork.xcodeproj */;
				},
				{
					ProductGroup = 139105B71AF99BAD00B5F7CC /* Products */;
					ProjectRef = 139105B61AF99BAD00B5F7CC /* RCTSettings.xcodeproj */;
				},
				{
					ProductGroup = 832341B11AAA6A8300B99B32 /* Products */;
					ProjectRef = 832341B01AAA6A8300B99B32 /* RCTText.xcodeproj */;
				},
				{
					ProductGroup = 00C302E01ABCB9EE00DB3ED1 /* Products */;
					ProjectRef = 00C302DF1ABCB9EE00DB3ED1 /* RCTVibration.xcodeproj */;
				},
				{
					ProductGroup = 139FDEE71B06529A00C62182 /* Products */;
					ProjectRef = 139FDEE61B06529A00C62182 /* RCTWebSocket.xcodeproj */;
				},
				{
					ProductGroup = 146834001AC3E56700842450 /* Products */;
					ProjectRef = 146833FF1AC3E56700842450 /* React.xcodeproj */;
				},
				{
					ProductGroup = 49EFA95F1DFAAA18001F9704 /* Products */;
					ProjectRef = 7C633EDBAEA24164937C30EE /* RNAnalytics.xcodeproj */;
				},
			);
			projectRoot = "";
			targets = (
				13B07F861A680F5B00A75B9A /* iHouse */,
				00E356ED1AD99517003FC87E /* iHouseTests */,
			);
		};
/* End PBXProject section */

/* Begin PBXReferenceProxy section */
		00C302AC1ABCB8CE00DB3ED1 /* libRCTActionSheet.a */ = {
			isa = PBXReferenceProxy;
			fileType = archive.ar;
			path = libRCTActionSheet.a;
			remoteRef = 00C302AB1ABCB8CE00DB3ED1 /* PBXContainerItemProxy */;
			sourceTree = BUILT_PRODUCTS_DIR;
		};
		00C302BA1ABCB90400DB3ED1 /* libRCTGeolocation.a */ = {
			isa = PBXReferenceProxy;
			fileType = archive.ar;
			path = libRCTGeolocation.a;
			remoteRef = 00C302B91ABCB90400DB3ED1 /* PBXContainerItemProxy */;
			sourceTree = BUILT_PRODUCTS_DIR;
		};
		00C302C01ABCB91800DB3ED1 /* libRCTImage.a */ = {
			isa = PBXReferenceProxy;
			fileType = archive.ar;
			path = libRCTImage.a;
			remoteRef = 00C302BF1ABCB91800DB3ED1 /* PBXContainerItemProxy */;
			sourceTree = BUILT_PRODUCTS_DIR;
		};
		00C302DC1ABCB9D200DB3ED1 /* libRCTNetwork.a */ = {
			isa = PBXReferenceProxy;
			fileType = archive.ar;
			path = libRCTNetwork.a;
			remoteRef = 00C302DB1ABCB9D200DB3ED1 /* PBXContainerItemProxy */;
			sourceTree = BUILT_PRODUCTS_DIR;
		};
		00C302E41ABCB9EE00DB3ED1 /* libRCTVibration.a */ = {
			isa = PBXReferenceProxy;
			fileType = archive.ar;
			path = libRCTVibration.a;
			remoteRef = 00C302E31ABCB9EE00DB3ED1 /* PBXContainerItemProxy */;
			sourceTree = BUILT_PRODUCTS_DIR;
		};
		139105C11AF99BAD00B5F7CC /* libRCTSettings.a */ = {
			isa = PBXReferenceProxy;
			fileType = archive.ar;
			path = libRCTSettings.a;
			remoteRef = 139105C01AF99BAD00B5F7CC /* PBXContainerItemProxy */;
			sourceTree = BUILT_PRODUCTS_DIR;
		};
		139FDEF41B06529B00C62182 /* libRCTWebSocket.a */ = {
			isa = PBXReferenceProxy;
			fileType = archive.ar;
			path = libRCTWebSocket.a;
			remoteRef = 139FDEF31B06529B00C62182 /* PBXContainerItemProxy */;
			sourceTree = BUILT_PRODUCTS_DIR;
		};
		146834041AC3E56700842450 /* libReact.a */ = {
			isa = PBXReferenceProxy;
			fileType = archive.ar;
			path = libReact.a;
			remoteRef = 146834031AC3E56700842450 /* PBXContainerItemProxy */;
			sourceTree = BUILT_PRODUCTS_DIR;
		};
		49ABF5DA1DF3620F0088E973 /* libRCTImage-tvOS.a */ = {
			isa = PBXReferenceProxy;
			fileType = archive.ar;
			path = "libRCTImage-tvOS.a";
			remoteRef = 49ABF5D91DF3620F0088E973 /* PBXContainerItemProxy */;
			sourceTree = BUILT_PRODUCTS_DIR;
		};
		49ABF5DE1DF3620F0088E973 /* libRCTLinking-tvOS.a */ = {
			isa = PBXReferenceProxy;
			fileType = archive.ar;
			path = "libRCTLinking-tvOS.a";
			remoteRef = 49ABF5DD1DF3620F0088E973 /* PBXContainerItemProxy */;
			sourceTree = BUILT_PRODUCTS_DIR;
		};
		49ABF5E21DF3620F0088E973 /* libRCTNetwork-tvOS.a */ = {
			isa = PBXReferenceProxy;
			fileType = archive.ar;
			path = "libRCTNetwork-tvOS.a";
			remoteRef = 49ABF5E11DF3620F0088E973 /* PBXContainerItemProxy */;
			sourceTree = BUILT_PRODUCTS_DIR;
		};
		49ABF5E61DF3620F0088E973 /* libRCTSettings-tvOS.a */ = {
			isa = PBXReferenceProxy;
			fileType = archive.ar;
			path = "libRCTSettings-tvOS.a";
			remoteRef = 49ABF5E51DF3620F0088E973 /* PBXContainerItemProxy */;
			sourceTree = BUILT_PRODUCTS_DIR;
		};
		49ABF5EA1DF3620F0088E973 /* libRCTText-tvOS.a */ = {
			isa = PBXReferenceProxy;
			fileType = archive.ar;
			path = "libRCTText-tvOS.a";
			remoteRef = 49ABF5E91DF3620F0088E973 /* PBXContainerItemProxy */;
			sourceTree = BUILT_PRODUCTS_DIR;
		};
		49ABF5EF1DF3620F0088E973 /* libRCTWebSocket-tvOS.a */ = {
			isa = PBXReferenceProxy;
			fileType = archive.ar;
			path = "libRCTWebSocket-tvOS.a";
			remoteRef = 49ABF5EE1DF3620F0088E973 /* PBXContainerItemProxy */;
			sourceTree = BUILT_PRODUCTS_DIR;
		};
		49ABF5F31DF3620F0088E973 /* libReact-tvOS.a */ = {
			isa = PBXReferenceProxy;
			fileType = archive.ar;
			path = "libReact-tvOS.a";
			remoteRef = 49ABF5F21DF3620F0088E973 /* PBXContainerItemProxy */;
			sourceTree = BUILT_PRODUCTS_DIR;
		};
		49EFA9761DFAAA19001F9704 /* libRNAnalytics.a */ = {
			isa = PBXReferenceProxy;
			fileType = archive.ar;
			path = libRNAnalytics.a;
			remoteRef = 49EFA9751DFAAA19001F9704 /* PBXContainerItemProxy */;
			sourceTree = BUILT_PRODUCTS_DIR;
		};
		5E9157331DD0AC6500FF2AA8 /* libRCTAnimation.a */ = {
			isa = PBXReferenceProxy;
			fileType = archive.ar;
			path = libRCTAnimation.a;
			remoteRef = 5E9157321DD0AC6500FF2AA8 /* PBXContainerItemProxy */;
			sourceTree = BUILT_PRODUCTS_DIR;
		};
		5E9157351DD0AC6500FF2AA8 /* libRCTAnimation-tvOS.a */ = {
			isa = PBXReferenceProxy;
			fileType = archive.ar;
			path = "libRCTAnimation-tvOS.a";
			remoteRef = 5E9157341DD0AC6500FF2AA8 /* PBXContainerItemProxy */;
			sourceTree = BUILT_PRODUCTS_DIR;
		};
		78C398B91ACF4ADC00677621 /* libRCTLinking.a */ = {
			isa = PBXReferenceProxy;
			fileType = archive.ar;
			path = libRCTLinking.a;
			remoteRef = 78C398B81ACF4ADC00677621 /* PBXContainerItemProxy */;
			sourceTree = BUILT_PRODUCTS_DIR;
		};
		832341B51AAA6A8300B99B32 /* libRCTText.a */ = {
			isa = PBXReferenceProxy;
			fileType = archive.ar;
			path = libRCTText.a;
			remoteRef = 832341B41AAA6A8300B99B32 /* PBXContainerItemProxy */;
			sourceTree = BUILT_PRODUCTS_DIR;
		};
/* End PBXReferenceProxy section */

/* Begin PBXResourcesBuildPhase section */
		00E356EC1AD99517003FC87E /* Resources */ = {
			isa = PBXResourcesBuildPhase;
			buildActionMask = 2147483647;
			files = (
			);
			runOnlyForDeploymentPostprocessing = 0;
		};
		13B07F8E1A680F5B00A75B9A /* Resources */ = {
			isa = PBXResourcesBuildPhase;
			buildActionMask = 2147483647;
			files = (
				49EFAA781DFAAB55001F9704 /* jquery.min.js in Resources */,
				49EFAA6B1DFAAB55001F9704 /* highlight.css in Resources */,
				49EFAA591DFAAB55001F9704 /* jquery.min.js in Resources */,
				49EFAA4F1DFAAB55001F9704 /* MobileCenter.docset in Resources */,
				49EFAA7A1DFAAB55001F9704 /* undocumented.json in Resources */,
				49EFAA701DFAAB55001F9704 /* MSErrorLogSetting.html in Resources */,
				49EFAA5A1DFAAB55001F9704 /* MSService.html in Resources */,
				49EFAA581DFAAB55001F9704 /* jazzy.js in Resources */,
				49EFAA6A1DFAAB55001F9704 /* undocumented.json in Resources */,
				49EFAA5D1DFAAB55001F9704 /* MSAnalytics.html in Resources */,
				13B07FBF1A68108700A75B9A /* Images.xcassets in Resources */,
				49EFAA551DFAAB55001F9704 /* dash.png in Resources */,
				49EFAA5B1DFAAB55001F9704 /* Protocols.html in Resources */,
				13B07FBD1A68108700A75B9A /* LaunchScreen.xib in Resources */,
				49EFAA6E1DFAAB55001F9704 /* Crashes.tgz in Resources */,
				49EFAA741DFAAB55001F9704 /* dash.png in Resources */,
				49EFAA4D1DFAAB55001F9704 /* highlight.css in Resources */,
				49EFAA611DFAAB55001F9704 /* MobileCenterAnalytics.docset in Resources */,
				49EFAA601DFAAB55001F9704 /* jazzy.css in Resources */,
				49EFAA751DFAAB55001F9704 /* gh.png in Resources */,
				49EFAA661DFAAB55001F9704 /* gh.png in Resources */,
				7A5D10335C294521A50CF9BE /* OFL.txt in Resources */,
				49EFAA621DFAAB55001F9704 /* MobileCenterAnalytics.tgz in Resources */,
				BAB43A7B7E8443C7A7418896 /* rubicon-icon-font.ttf in Resources */,
				49EFAA501DFAAB55001F9704 /* MobileCenter.tgz in Resources */,
				49EFAA721DFAAB55001F9704 /* Enums.html in Resources */,
				49EFAA631DFAAB55001F9704 /* MobileCenterAnalytics.xml in Resources */,
				49EFAA5E1DFAAB55001F9704 /* Classes.html in Resources */,
				3804627F830F4025B277CA4F /* Rubik-Black.ttf in Resources */,
				49EFAA6F1DFAAB55001F9704 /* Crashes.xml in Resources */,
				49EFAA641DFAAB55001F9704 /* carat.png in Resources */,
				EB566B6EF8154A4C9B09E9CD /* Rubik-BlackItalic.ttf in Resources */,
				0E014F8BE6114EEA81F2D00A /* Rubik-Bold.ttf in Resources */,
				CEC16ABEC253462A8849C8B5 /* Rubik-BoldItalic.ttf in Resources */,
				49EFAA711DFAAB55001F9704 /* MSUserConfirmation.html in Resources */,
				1DFED841054047BFBF73249C /* Rubik-Italic.ttf in Resources */,
				49EFAA791DFAAB55001F9704 /* Type Definitions.html in Resources */,
				49EFAA521DFAAB55001F9704 /* MSLogLevel.html in Resources */,
				A7F1B26D3D9940159CDCDBEA /* Rubik-Light.ttf in Resources */,
				49EFAA4B1DFAAB55001F9704 /* MSMobileCenter.html in Resources */,
				49EFA97A1DFAAAF4001F9704 /* LICENSE in Resources */,
				49EFAA6D1DFAAB55001F9704 /* Crashes.docset in Resources */,
				49EFAA681DFAAB55001F9704 /* jazzy.js in Resources */,
				0D45182AD48B4414B3CC89FE /* Rubik-LightItalic.ttf in Resources */,
				49EFAA671DFAAB55001F9704 /* index.html in Resources */,
				49EFAA4C1DFAAB55001F9704 /* Classes.html in Resources */,
				49EFAA531DFAAB55001F9704 /* Enums.html in Resources */,
				49EFAA5C1DFAAB55001F9704 /* undocumented.json in Resources */,
				49EFAA761DFAAB55001F9704 /* index.html in Resources */,
				4685CD9BF2EF418FA02B1679 /* Rubik-Medium.ttf in Resources */,
				49EFAA4E1DFAAB55001F9704 /* jazzy.css in Resources */,
				A6D02D02693E49A98B85905E /* Rubik-MediumItalic.ttf in Resources */,
				49EFAA731DFAAB55001F9704 /* carat.png in Resources */,
				49EFAA691DFAAB55001F9704 /* jquery.min.js in Resources */,
				49EFAA7B1DFAAB55001F9704 /* LICENSE in Resources */,
				49EFAA571DFAAB55001F9704 /* index.html in Resources */,
				61CE84C0AFBC4BA6BB05FBFD /* Rubik-Regular.ttf in Resources */,
				49EFAA561DFAAB55001F9704 /* gh.png in Resources */,
				49EFAA541DFAAB55001F9704 /* carat.png in Resources */,
				AA153B11E1504B2CB1FBADCC /* MobileCenter-Config.plist in Resources */,
				49EFAA6C1DFAAB55001F9704 /* jazzy.css in Resources */,
				49EFAA511DFAAB55001F9704 /* MobileCenter.xml in Resources */,
				49EFAA5F1DFAAB55001F9704 /* highlight.css in Resources */,
				49EFAA651DFAAB55001F9704 /* dash.png in Resources */,
				49EFAA771DFAAB55001F9704 /* jazzy.js in Resources */,
			);
			runOnlyForDeploymentPostprocessing = 0;
		};
/* End PBXResourcesBuildPhase section */

/* Begin PBXShellScriptBuildPhase section */
		00DD1BFF1BD5951E006B06BC /* Bundle React Native code and images */ = {
			isa = PBXShellScriptBuildPhase;
			buildActionMask = 2147483647;
			files = (
			);
			inputPaths = (
			);
			name = "Bundle React Native code and images";
			outputPaths = (
			);
			runOnlyForDeploymentPostprocessing = 0;
			shellPath = /bin/sh;
			shellScript = "export NODE_BINARY=node\n../node_modules/react-native/packager/react-native-xcode.sh";
		};
/* End PBXShellScriptBuildPhase section */

/* Begin PBXSourcesBuildPhase section */
		00E356EA1AD99517003FC87E /* Sources */ = {
			isa = PBXSourcesBuildPhase;
			buildActionMask = 2147483647;
			files = (
				00E356F31AD99517003FC87E /* iHouseTests.m in Sources */,
			);
			runOnlyForDeploymentPostprocessing = 0;
		};
		13B07F871A680F5B00A75B9A /* Sources */ = {
			isa = PBXSourcesBuildPhase;
			buildActionMask = 2147483647;
			files = (
				13B07FBC1A68108700A75B9A /* AppDelegate.m in Sources */,
				49EFAA4A1DFAAB55001F9704 /* CHANGELOG.md in Sources */,
				49EFAA7F1DFAAB55001F9704 /* README.md in Sources */,
				13B07FC11A68108700A75B9A /* main.m in Sources */,
			);
			runOnlyForDeploymentPostprocessing = 0;
		};
/* End PBXSourcesBuildPhase section */

/* Begin PBXTargetDependency section */
		00E356F51AD99517003FC87E /* PBXTargetDependency */ = {
			isa = PBXTargetDependency;
			target = 13B07F861A680F5B00A75B9A /* iHouse */;
			targetProxy = 00E356F41AD99517003FC87E /* PBXContainerItemProxy */;
		};
/* End PBXTargetDependency section */

/* Begin PBXVariantGroup section */
		13B07FB11A68108700A75B9A /* LaunchScreen.xib */ = {
			isa = PBXVariantGroup;
			children = (
				13B07FB21A68108700A75B9A /* Base */,
			);
			name = LaunchScreen.xib;
			path = iHouse;
			sourceTree = "<group>";
		};
/* End PBXVariantGroup section */

/* Begin XCBuildConfiguration section */
		00E356F61AD99517003FC87E /* Debug */ = {
			isa = XCBuildConfiguration;
			buildSettings = {
				BUNDLE_LOADER = "$(TEST_HOST)";
				DEVELOPMENT_TEAM = 85LMA3RS63;
				GCC_PREPROCESSOR_DEFINITIONS = (
					"DEBUG=1",
					"$(inherited)",
				);
				INFOPLIST_FILE = iHouseTests/Info.plist;
				IPHONEOS_DEPLOYMENT_TARGET = 8.0;
				LD_RUNPATH_SEARCH_PATHS = "$(inherited) @executable_path/Frameworks @loader_path/Frameworks";
				LIBRARY_SEARCH_PATHS = (
					"$(inherited)",
					"\"$(SRCROOT)/$(TARGET_NAME)\"",
				);
				PRODUCT_BUNDLE_IDENTIFIER = "org.reactjs.native.example.$(PRODUCT_NAME:rfc1034identifier)";
				PRODUCT_NAME = "$(TARGET_NAME)";
				TEST_HOST = "$(BUILT_PRODUCTS_DIR)/iHouse.app/iHouse";
			};
			name = Debug;
		};
		00E356F71AD99517003FC87E /* Release */ = {
			isa = XCBuildConfiguration;
			buildSettings = {
				BUNDLE_LOADER = "$(TEST_HOST)";
				COPY_PHASE_STRIP = NO;
				DEVELOPMENT_TEAM = 85LMA3RS63;
				INFOPLIST_FILE = iHouseTests/Info.plist;
				IPHONEOS_DEPLOYMENT_TARGET = 8.0;
				LD_RUNPATH_SEARCH_PATHS = "$(inherited) @executable_path/Frameworks @loader_path/Frameworks";
				LIBRARY_SEARCH_PATHS = (
					"$(inherited)",
					"\"$(SRCROOT)/$(TARGET_NAME)\"",
				);
				PRODUCT_BUNDLE_IDENTIFIER = "org.reactjs.native.example.$(PRODUCT_NAME:rfc1034identifier)";
				PRODUCT_NAME = "$(TARGET_NAME)";
				TEST_HOST = "$(BUILT_PRODUCTS_DIR)/iHouse.app/iHouse";
			};
			name = Release;
		};
		13B07F941A680F5B00A75B9A /* Debug */ = {
			isa = XCBuildConfiguration;
			buildSettings = {
				ASSETCATALOG_COMPILER_APPICON_NAME = AppIcon;
				CURRENT_PROJECT_VERSION = 1;
				DEAD_CODE_STRIPPING = NO;
				DEVELOPMENT_TEAM = 85LMA3RS63;
				FRAMEWORK_SEARCH_PATHS = (
					"$(inherited)",
					"$(PROJECT_DIR)/RNMobileCenter",
					"$(PROJECT_DIR)/RNMobileCenter/MobileCenter-SDK-iOS",
					"$(PROJECT_DIR)/MobileCenter-SDK-iOS",
				);
				INFOPLIST_FILE = iHouse/Info.plist;
				LD_RUNPATH_SEARCH_PATHS = "$(inherited) @executable_path/Frameworks";
				OTHER_LDFLAGS = (
					"$(inherited)",
					"-ObjC",
					"-lc++",
				);
				PRODUCT_BUNDLE_IDENTIFIER = "org.reactjs.native.example.$(PRODUCT_NAME:rfc1034identifier)";
				PRODUCT_NAME = iHouse;
				VERSIONING_SYSTEM = "apple-generic";
			};
			name = Debug;
		};
		13B07F951A680F5B00A75B9A /* Release */ = {
			isa = XCBuildConfiguration;
			buildSettings = {
				ASSETCATALOG_COMPILER_APPICON_NAME = AppIcon;
				CURRENT_PROJECT_VERSION = 1;
				DEVELOPMENT_TEAM = 85LMA3RS63;
				FRAMEWORK_SEARCH_PATHS = (
					"$(inherited)",
					"$(PROJECT_DIR)/RNMobileCenter",
					"$(PROJECT_DIR)/RNMobileCenter/MobileCenter-SDK-iOS",
					"$(PROJECT_DIR)/MobileCenter-SDK-iOS",
				);
				INFOPLIST_FILE = iHouse/Info.plist;
				LD_RUNPATH_SEARCH_PATHS = "$(inherited) @executable_path/Frameworks";
				OTHER_LDFLAGS = (
					"$(inherited)",
					"-ObjC",
					"-lc++",
				);
				PRODUCT_BUNDLE_IDENTIFIER = "org.reactjs.native.example.$(PRODUCT_NAME:rfc1034identifier)";
				PRODUCT_NAME = iHouse;
				VERSIONING_SYSTEM = "apple-generic";
			};
			name = Release;
		};
		83CBBA201A601CBA00E9B192 /* Debug */ = {
			isa = XCBuildConfiguration;
			buildSettings = {
				ALWAYS_SEARCH_USER_PATHS = NO;
				CLANG_CXX_LANGUAGE_STANDARD = "gnu++0x";
				CLANG_CXX_LIBRARY = "libc++";
				CLANG_ENABLE_MODULES = YES;
				CLANG_ENABLE_OBJC_ARC = YES;
				CLANG_WARN_BOOL_CONVERSION = YES;
				CLANG_WARN_CONSTANT_CONVERSION = YES;
				CLANG_WARN_DIRECT_OBJC_ISA_USAGE = YES_ERROR;
				CLANG_WARN_EMPTY_BODY = YES;
				CLANG_WARN_ENUM_CONVERSION = YES;
				CLANG_WARN_INFINITE_RECURSION = YES;
				CLANG_WARN_INT_CONVERSION = YES;
				CLANG_WARN_OBJC_ROOT_CLASS = YES_ERROR;
				CLANG_WARN_SUSPICIOUS_MOVE = YES;
				CLANG_WARN_UNREACHABLE_CODE = YES;
				CLANG_WARN__DUPLICATE_METHOD_MATCH = YES;
				"CODE_SIGN_IDENTITY[sdk=iphoneos*]" = "iPhone Developer";
				COPY_PHASE_STRIP = NO;
				ENABLE_STRICT_OBJC_MSGSEND = YES;
				ENABLE_TESTABILITY = YES;
				GCC_C_LANGUAGE_STANDARD = gnu99;
				GCC_DYNAMIC_NO_PIC = NO;
				GCC_NO_COMMON_BLOCKS = YES;
				GCC_OPTIMIZATION_LEVEL = 0;
				GCC_PREPROCESSOR_DEFINITIONS = (
					"DEBUG=1",
					"$(inherited)",
				);
				GCC_SYMBOLS_PRIVATE_EXTERN = NO;
				GCC_WARN_64_TO_32_BIT_CONVERSION = YES;
				GCC_WARN_ABOUT_RETURN_TYPE = YES_ERROR;
				GCC_WARN_UNDECLARED_SELECTOR = YES;
				GCC_WARN_UNINITIALIZED_AUTOS = YES_AGGRESSIVE;
				GCC_WARN_UNUSED_FUNCTION = YES;
				GCC_WARN_UNUSED_VARIABLE = YES;
				HEADER_SEARCH_PATHS = (
					"$(inherited)",
					"$(SRCROOT)/../node_modules/react-native/React/**",
					"$(SRCROOT)/../node_modules/react-native/ReactCommon/**",
					"$(SRCROOT)/../node_modules/mobile-center-analytics/ios/RNAnalytics",
				);
				IPHONEOS_DEPLOYMENT_TARGET = 8.0;
				MTL_ENABLE_DEBUG_INFO = YES;
				ONLY_ACTIVE_ARCH = YES;
				SDKROOT = iphoneos;
			};
			name = Debug;
		};
		83CBBA211A601CBA00E9B192 /* Release */ = {
			isa = XCBuildConfiguration;
			buildSettings = {
				ALWAYS_SEARCH_USER_PATHS = NO;
				CLANG_CXX_LANGUAGE_STANDARD = "gnu++0x";
				CLANG_CXX_LIBRARY = "libc++";
				CLANG_ENABLE_MODULES = YES;
				CLANG_ENABLE_OBJC_ARC = YES;
				CLANG_WARN_BOOL_CONVERSION = YES;
				CLANG_WARN_CONSTANT_CONVERSION = YES;
				CLANG_WARN_DIRECT_OBJC_ISA_USAGE = YES_ERROR;
				CLANG_WARN_EMPTY_BODY = YES;
				CLANG_WARN_ENUM_CONVERSION = YES;
				CLANG_WARN_INFINITE_RECURSION = YES;
				CLANG_WARN_INT_CONVERSION = YES;
				CLANG_WARN_OBJC_ROOT_CLASS = YES_ERROR;
				CLANG_WARN_SUSPICIOUS_MOVE = YES;
				CLANG_WARN_UNREACHABLE_CODE = YES;
				CLANG_WARN__DUPLICATE_METHOD_MATCH = YES;
				"CODE_SIGN_IDENTITY[sdk=iphoneos*]" = "iPhone Developer";
				COPY_PHASE_STRIP = YES;
				ENABLE_NS_ASSERTIONS = NO;
				ENABLE_STRICT_OBJC_MSGSEND = YES;
				GCC_C_LANGUAGE_STANDARD = gnu99;
				GCC_NO_COMMON_BLOCKS = YES;
				GCC_WARN_64_TO_32_BIT_CONVERSION = YES;
				GCC_WARN_ABOUT_RETURN_TYPE = YES_ERROR;
				GCC_WARN_UNDECLARED_SELECTOR = YES;
				GCC_WARN_UNINITIALIZED_AUTOS = YES_AGGRESSIVE;
				GCC_WARN_UNUSED_FUNCTION = YES;
				GCC_WARN_UNUSED_VARIABLE = YES;
				HEADER_SEARCH_PATHS = (
					"$(inherited)",
					"$(SRCROOT)/../node_modules/react-native/React/**",
					"$(SRCROOT)/../node_modules/react-native/ReactCommon/**",
					"$(SRCROOT)/../node_modules/mobile-center-analytics/ios/RNAnalytics",
				);
				IPHONEOS_DEPLOYMENT_TARGET = 8.0;
				MTL_ENABLE_DEBUG_INFO = NO;
				SDKROOT = iphoneos;
				VALIDATE_PRODUCT = YES;
			};
			name = Release;
		};
/* End XCBuildConfiguration section */

/* Begin XCConfigurationList section */
		00E357021AD99517003FC87E /* Build configuration list for PBXNativeTarget "iHouseTests" */ = {
			isa = XCConfigurationList;
			buildConfigurations = (
				00E356F61AD99517003FC87E /* Debug */,
				00E356F71AD99517003FC87E /* Release */,
			);
			defaultConfigurationIsVisible = 0;
			defaultConfigurationName = Release;
		};
		13B07F931A680F5B00A75B9A /* Build configuration list for PBXNativeTarget "iHouse" */ = {
			isa = XCConfigurationList;
			buildConfigurations = (
				13B07F941A680F5B00A75B9A /* Debug */,
				13B07F951A680F5B00A75B9A /* Release */,
			);
			defaultConfigurationIsVisible = 0;
			defaultConfigurationName = Release;
		};
		83CBB9FA1A601CBA00E9B192 /* Build configuration list for PBXProject "iHouse" */ = {
			isa = XCConfigurationList;
			buildConfigurations = (
				83CBBA201A601CBA00E9B192 /* Debug */,
				83CBBA211A601CBA00E9B192 /* Release */,
			);
			defaultConfigurationIsVisible = 0;
			defaultConfigurationName = Release;
		};
/* End XCConfigurationList section */
	};
	rootObject = 83CBB9F71A601CBA00E9B192 /* Project object */;
}
